
Microsoft Visual Studio Solution File, Format Version 12.00
# Visual Studio Version 18
VisualStudioVersion = 18.3.11527.330
MinimumVisualStudioVersion = 10.0.40219.1
Project("{2150E333-8FDC-42A3-9474-1A3956D46DE8}") = "src", "src", "{827E0CD3-B72D-47B6-A68D-7590B98EB39B}"
EndProject
Project("{2150E333-8FDC-42A3-9474-1A3956D46DE8}") = "building-blocks", "building-blocks", "{C13E73B6-616D-3195-CD22-1E55A7D1F969}"
EndProject
Project("{FAE04EC0-301F-11D3-BF4B-00C04F79EFBC}") = "NexTraceOne.BuildingBlocks.Core", "src\building-blocks\NexTraceOne.BuildingBlocks.Core\NexTraceOne.BuildingBlocks.Core.csproj", "{CBFB6752-A9A5-46AB-83A0-440AEFF13AC9}"
EndProject
Project("{2150E333-8FDC-42A3-9474-1A3956D46DE8}") = "tests", "tests", "{0AB3BF05-4346-4AA6-1389-037BE0695223}"
EndProject
Project("{2150E333-8FDC-42A3-9474-1A3956D46DE8}") = "building-blocks", "building-blocks", "{A451FE7C-BC83-C13E-8611-AC3C420FE233}"
EndProject
Project("{FAE04EC0-301F-11D3-BF4B-00C04F79EFBC}") = "NexTraceOne.BuildingBlocks.Core.Tests", "tests\building-blocks\NexTraceOne.BuildingBlocks.Core.Tests\NexTraceOne.BuildingBlocks.Core.Tests.csproj", "{C1D93804-A05B-4A86-AFE6-87A7A81D1861}"
EndProject
Project("{FAE04EC0-301F-11D3-BF4B-00C04F79EFBC}") = "NexTraceOne.BuildingBlocks.Application", "src\building-blocks\NexTraceOne.BuildingBlocks.Application\NexTraceOne.BuildingBlocks.Application.csproj", "{58370875-77A4-455F-82A2-0336423F3D79}"
EndProject
Project("{FAE04EC0-301F-11D3-BF4B-00C04F79EFBC}") = "NexTraceOne.BuildingBlocks.Application.Tests", "tests\building-blocks\NexTraceOne.BuildingBlocks.Application.Tests\NexTraceOne.BuildingBlocks.Application.Tests.csproj", "{553ABCBA-259B-4080-9DE6-58C288EC2FF0}"
EndProject
Project("{FAE04EC0-301F-11D3-BF4B-00C04F79EFBC}") = "NexTraceOne.BuildingBlocks.Infrastructure", "src\building-blocks\NexTraceOne.BuildingBlocks.Infrastructure\NexTraceOne.BuildingBlocks.Infrastructure.csproj", "{A3D79C4F-7517-4F38-86C4-E8A9DD59CA4C}"
EndProject
Project("{FAE04EC0-301F-11D3-BF4B-00C04F79EFBC}") = "NexTraceOne.BuildingBlocks.Infrastructure.Tests", "tests\building-blocks\NexTraceOne.BuildingBlocks.Infrastructure.Tests\NexTraceOne.BuildingBlocks.Infrastructure.Tests.csproj", "{6DD18540-3F5A-44A8-9F96-EDDA1DAB49AE}"
EndProject
Project("{FAE04EC0-301F-11D3-BF4B-00C04F79EFBC}") = "NexTraceOne.BuildingBlocks.Observability", "src\building-blocks\NexTraceOne.BuildingBlocks.Observability\NexTraceOne.BuildingBlocks.Observability.csproj", "{4267BB4C-FA29-4195-B475-CDEE247817A9}"
EndProject
Project("{FAE04EC0-301F-11D3-BF4B-00C04F79EFBC}") = "NexTraceOne.BuildingBlocks.Observability.Tests", "tests\building-blocks\NexTraceOne.BuildingBlocks.Observability.Tests\NexTraceOne.BuildingBlocks.Observability.Tests.csproj", "{1FB5431B-0AAE-41E6-A9BD-030518FEF9E7}"
EndProject
Project("{FAE04EC0-301F-11D3-BF4B-00C04F79EFBC}") = "NexTraceOne.BuildingBlocks.Security", "src\building-blocks\NexTraceOne.BuildingBlocks.Security\NexTraceOne.BuildingBlocks.Security.csproj", "{51A299D5-23A6-47C6-81E7-8A0C888DC104}"
EndProject
Project("{FAE04EC0-301F-11D3-BF4B-00C04F79EFBC}") = "NexTraceOne.BuildingBlocks.Security.Tests", "tests\building-blocks\NexTraceOne.BuildingBlocks.Security.Tests\NexTraceOne.BuildingBlocks.Security.Tests.csproj", "{A9844960-BB1D-43F8-9F2F-C49EC04BA411}"
EndProject
Project("{2150E333-8FDC-42A3-9474-1A3956D46DE8}") = "platform", "platform", "{4DF80442-A1E5-CC28-AE7B-27B5F9BFE52B}"
EndProject
Project("{FAE04EC0-301F-11D3-BF4B-00C04F79EFBC}") = "NexTraceOne.ApiHost", "src\platform\NexTraceOne.ApiHost\NexTraceOne.ApiHost.csproj", "{2D84D4C3-231F-423D-9102-C3DE87C9226E}"
EndProject
Project("{FAE04EC0-301F-11D3-BF4B-00C04F79EFBC}") = "NexTraceOne.BackgroundWorkers", "src\platform\NexTraceOne.BackgroundWorkers\NexTraceOne.BackgroundWorkers.csproj", "{39E56F4F-7716-44D3-9053-D6C3449F0137}"
EndProject
Project("{2150E333-8FDC-42A3-9474-1A3956D46DE8}") = "tools", "tools", "{07C2787E-EAC7-C090-1BA3-A61EC2A24D84}"
EndProject
Project("{FAE04EC0-301F-11D3-BF4B-00C04F79EFBC}") = "NexTraceOne.CLI", "tools\NexTraceOne.CLI\NexTraceOne.CLI.csproj", "{D1D5A584-EC78-4399-BF15-9990E66F57E2}"
EndProject
Project("{2150E333-8FDC-42A3-9474-1A3956D46DE8}") = "platform", "platform", "{0BBE7088-7CBC-971A-0DFF-8D023E1EA1B7}"
EndProject
Project("{FAE04EC0-301F-11D3-BF4B-00C04F79EFBC}") = "NexTraceOne.IntegrationTests", "tests\platform\NexTraceOne.IntegrationTests\NexTraceOne.IntegrationTests.csproj", "{F6493800-937E-4620-9513-547E76D64851}"
EndProject
Project("{FAE04EC0-301F-11D3-BF4B-00C04F79EFBC}") = "NexTraceOne.E2E.Tests", "tests\platform\NexTraceOne.E2E.Tests\NexTraceOne.E2E.Tests.csproj", "{158FDAD3-383B-4A7E-B70F-A0B9EDCD0B10}"
EndProject
Project("{2150E333-8FDC-42A3-9474-1A3956D46DE8}") = "Frontend", "Frontend", "{CE609670-85B9-0D16-FB54-ED063D5D8A6D}"
EndProject
Project("{54A90642-561A-4BB1-A94E-469ADEE60C69}") = "nextraceone.frontend", "src\frontend\nextraceone.frontend.esproj", "{FF054AA3-853D-41FF-8912-75A193DEE64D}"
EndProject
Project("{2150E333-8FDC-42A3-9474-1A3956D46DE8}") = "modules", "modules", "{EC447DCF-ABFA-6E24-52A5-D7FD48A5C558}"
EndProject
Project("{2150E333-8FDC-42A3-9474-1A3956D46DE8}") = "catalog", "catalog", "{1E1EF545-4C18-AEE2-B997-7EF431518D3F}"
EndProject
Project("{FAE04EC0-301F-11D3-BF4B-00C04F79EFBC}") = "NexTraceOne.Catalog.Domain", "src\modules\catalog\NexTraceOne.Catalog.Domain\NexTraceOne.Catalog.Domain.csproj", "{EC311F25-62D2-44B2-A12F-26D2F7AE7601}"
EndProject
Project("{FAE04EC0-301F-11D3-BF4B-00C04F79EFBC}") = "NexTraceOne.Catalog.Application", "src\modules\catalog\NexTraceOne.Catalog.Application\NexTraceOne.Catalog.Application.csproj", "{C8D144B1-37A7-40FC-96CB-24747037B6B9}"
EndProject
Project("{FAE04EC0-301F-11D3-BF4B-00C04F79EFBC}") = "NexTraceOne.Catalog.Infrastructure", "src\modules\catalog\NexTraceOne.Catalog.Infrastructure\NexTraceOne.Catalog.Infrastructure.csproj", "{E8B2F1AF-1FF2-40ED-B120-903561960B7B}"
EndProject
Project("{2150E333-8FDC-42A3-9474-1A3956D46DE8}") = "changegovernance", "changegovernance", "{351B2A1B-8ADF-959B-EF38-B51025ABE796}"
EndProject
Project("{FAE04EC0-301F-11D3-BF4B-00C04F79EFBC}") = "NexTraceOne.ChangeGovernance.Domain", "src\modules\changegovernance\NexTraceOne.ChangeGovernance.Domain\NexTraceOne.ChangeGovernance.Domain.csproj", "{4BCC4100-4E25-448A-BEB4-B1D30B8BC1AB}"
EndProject
Project("{FAE04EC0-301F-11D3-BF4B-00C04F79EFBC}") = "NexTraceOne.ChangeGovernance.Application", "src\modules\changegovernance\NexTraceOne.ChangeGovernance.Application\NexTraceOne.ChangeGovernance.Application.csproj", "{D7DBBF86-15E4-4C63-8C23-97E848B5C0DE}"
EndProject
Project("{FAE04EC0-301F-11D3-BF4B-00C04F79EFBC}") = "NexTraceOne.ChangeGovernance.Infrastructure", "src\modules\changegovernance\NexTraceOne.ChangeGovernance.Infrastructure\NexTraceOne.ChangeGovernance.Infrastructure.csproj", "{C06AF221-47C6-49FE-BD06-EC2E145A6658}"
EndProject
Project("{2150E333-8FDC-42A3-9474-1A3956D46DE8}") = "operationalintelligence", "operationalintelligence", "{A4393D89-0E92-C94D-F083-FE25A855D0C0}"
EndProject
Project("{FAE04EC0-301F-11D3-BF4B-00C04F79EFBC}") = "NexTraceOne.OperationalIntelligence.Domain", "src\modules\operationalintelligence\NexTraceOne.OperationalIntelligence.Domain\NexTraceOne.OperationalIntelligence.Domain.csproj", "{87367FE7-D9D8-4B59-A5F9-832D10807CA7}"
EndProject
Project("{FAE04EC0-301F-11D3-BF4B-00C04F79EFBC}") = "NexTraceOne.OperationalIntelligence.Application", "src\modules\operationalintelligence\NexTraceOne.OperationalIntelligence.Application\NexTraceOne.OperationalIntelligence.Application.csproj", "{9E83DB19-9662-4DF3-8DA4-FB6EFA6E42C7}"
EndProject
Project("{FAE04EC0-301F-11D3-BF4B-00C04F79EFBC}") = "NexTraceOne.OperationalIntelligence.Infrastructure", "src\modules\operationalintelligence\NexTraceOne.OperationalIntelligence.Infrastructure\NexTraceOne.OperationalIntelligence.Infrastructure.csproj", "{3BBE5AE1-BA98-4E8B-BEF5-49C3F4934906}"
EndProject
Project("{2150E333-8FDC-42A3-9474-1A3956D46DE8}") = "aiknowledge", "aiknowledge", "{D2EA3A97-0965-E1A1-76A2-2ED11DC568D1}"
EndProject
Project("{FAE04EC0-301F-11D3-BF4B-00C04F79EFBC}") = "NexTraceOne.AIKnowledge.Domain", "src\modules\aiknowledge\NexTraceOne.AIKnowledge.Domain\NexTraceOne.AIKnowledge.Domain.csproj", "{E26C1656-882D-4CE2-9ABA-3DD1958E7A27}"
EndProject
Project("{FAE04EC0-301F-11D3-BF4B-00C04F79EFBC}") = "NexTraceOne.AIKnowledge.Application", "src\modules\aiknowledge\NexTraceOne.AIKnowledge.Application\NexTraceOne.AIKnowledge.Application.csproj", "{06AB0451-859D-4C0C-A9DE-3576A79BD3B2}"
EndProject
Project("{FAE04EC0-301F-11D3-BF4B-00C04F79EFBC}") = "NexTraceOne.AIKnowledge.Infrastructure", "src\modules\aiknowledge\NexTraceOne.AIKnowledge.Infrastructure\NexTraceOne.AIKnowledge.Infrastructure.csproj", "{8B112466-50B8-451E-A230-29F055D0B0A6}"
EndProject
Project("{2150E333-8FDC-42A3-9474-1A3956D46DE8}") = "identityaccess", "identityaccess", "{10F243C0-5589-5C7D-3314-BD3AC559A253}"
EndProject
Project("{FAE04EC0-301F-11D3-BF4B-00C04F79EFBC}") = "NexTraceOne.IdentityAccess.Domain", "src\modules\identityaccess\NexTraceOne.IdentityAccess.Domain\NexTraceOne.IdentityAccess.Domain.csproj", "{3971B32C-8731-449E-8E41-66D57DE6E2EB}"
EndProject
Project("{FAE04EC0-301F-11D3-BF4B-00C04F79EFBC}") = "NexTraceOne.IdentityAccess.Application", "src\modules\identityaccess\NexTraceOne.IdentityAccess.Application\NexTraceOne.IdentityAccess.Application.csproj", "{97EDF1F5-D034-4F6A-B8F4-CBB15A2FB441}"
EndProject
Project("{FAE04EC0-301F-11D3-BF4B-00C04F79EFBC}") = "NexTraceOne.IdentityAccess.Infrastructure", "src\modules\identityaccess\NexTraceOne.IdentityAccess.Infrastructure\NexTraceOne.IdentityAccess.Infrastructure.csproj", "{05F9A5CB-730B-46ED-B88B-F6E700EFCB94}"
EndProject
Project("{FAE04EC0-301F-11D3-BF4B-00C04F79EFBC}") = "NexTraceOne.AuditCompliance.Domain", "src\modules\auditcompliance\NexTraceOne.AuditCompliance.Domain\NexTraceOne.AuditCompliance.Domain.csproj", "{B0E0D244-495B-4B67-BCD0-C2F0834D2B26}"
EndProject
Project("{2150E333-8FDC-42A3-9474-1A3956D46DE8}") = "auditcompliance", "auditcompliance", "{B2ED0981-7CD3-FD0C-DFF6-F78DF99FCFA5}"
EndProject
Project("{FAE04EC0-301F-11D3-BF4B-00C04F79EFBC}") = "NexTraceOne.AuditCompliance.Application", "src\modules\auditcompliance\NexTraceOne.AuditCompliance.Application\NexTraceOne.AuditCompliance.Application.csproj", "{8E9D45A7-E091-4A05-818F-99961D6786D1}"
EndProject
Project("{FAE04EC0-301F-11D3-BF4B-00C04F79EFBC}") = "NexTraceOne.AuditCompliance.Infrastructure", "src\modules\auditcompliance\NexTraceOne.AuditCompliance.Infrastructure\NexTraceOne.AuditCompliance.Infrastructure.csproj", "{3D6777E9-17EE-4698-B8C1-1EFCEB3EB75F}"
EndProject
Project("{2150E333-8FDC-42A3-9474-1A3956D46DE8}") = "modules", "modules", "{D7DC9B74-6BC4-2470-2038-1E57C2DCB73B}"
EndProject
Project("{2150E333-8FDC-42A3-9474-1A3956D46DE8}") = "catalog", "catalog", "{58ACDCC8-2AEE-9D01-9B82-A1B8CDF8BF55}"
EndProject
Project("{FAE04EC0-301F-11D3-BF4B-00C04F79EFBC}") = "NexTraceOne.Catalog.Tests", "tests\modules\catalog\NexTraceOne.Catalog.Tests\NexTraceOne.Catalog.Tests.csproj", "{B47BBEAF-F27C-4D2C-B717-910EEBCA0CF8}"
EndProject
Project("{2150E333-8FDC-42A3-9474-1A3956D46DE8}") = "changegovernance", "changegovernance", "{CF8A1F3C-4CEF-3CF5-90A9-01932F35AAB1}"
EndProject
Project("{FAE04EC0-301F-11D3-BF4B-00C04F79EFBC}") = "NexTraceOne.ChangeGovernance.Tests", "tests\modules\changegovernance\NexTraceOne.ChangeGovernance.Tests\NexTraceOne.ChangeGovernance.Tests.csproj", "{985043C8-367D-4852-9F84-6808A03DAA03}"
EndProject
Project("{2150E333-8FDC-42A3-9474-1A3956D46DE8}") = "operationalintelligence", "operationalintelligence", "{E2B2F6CC-F96C-98FF-DF12-3F0463254888}"
EndProject
Project("{FAE04EC0-301F-11D3-BF4B-00C04F79EFBC}") = "NexTraceOne.OperationalIntelligence.Tests", "tests\modules\operationalintelligence\NexTraceOne.OperationalIntelligence.Tests\NexTraceOne.OperationalIntelligence.Tests.csproj", "{042454A9-477F-40C4-90CF-00C65A73BCC5}"
EndProject
Project("{2150E333-8FDC-42A3-9474-1A3956D46DE8}") = "aiknowledge", "aiknowledge", "{7015B015-CE64-57C8-BD07-5E20D4F84F3A}"
EndProject
Project("{FAE04EC0-301F-11D3-BF4B-00C04F79EFBC}") = "NexTraceOne.AIKnowledge.Tests", "tests\modules\aiknowledge\NexTraceOne.AIKnowledge.Tests\NexTraceOne.AIKnowledge.Tests.csproj", "{E987DAAA-171F-41C3-88DB-9CCA88219DDF}"
EndProject
Project("{2150E333-8FDC-42A3-9474-1A3956D46DE8}") = "identityaccess", "identityaccess", "{4C902F24-2235-A00A-809F-79E65471754C}"
EndProject
Project("{FAE04EC0-301F-11D3-BF4B-00C04F79EFBC}") = "NexTraceOne.IdentityAccess.Tests", "tests\modules\identityaccess\NexTraceOne.IdentityAccess.Tests\NexTraceOne.IdentityAccess.Tests.csproj", "{83E4409C-252B-4FA0-9930-598C7B0E865A}"
EndProject
Project("{2150E333-8FDC-42A3-9474-1A3956D46DE8}") = "auditcompliance", "auditcompliance", "{91241792-3A5D-8A8D-AFB5-D006089CC20A}"
EndProject
Project("{FAE04EC0-301F-11D3-BF4B-00C04F79EFBC}") = "NexTraceOne.AuditCompliance.Tests", "tests\modules\auditcompliance\NexTraceOne.AuditCompliance.Tests\NexTraceOne.AuditCompliance.Tests.csproj", "{F30E8DBF-231D-4134-A370-18748AA57556}"
EndProject
Project("{FAE04EC0-301F-11D3-BF4B-00C04F79EFBC}") = "NexTraceOne.Ingestion.Api", "src\platform\NexTraceOne.Ingestion.Api\NexTraceOne.Ingestion.Api.csproj", "{91723A87-DD74-43FA-BB61-1E0484A170C8}"
EndProject
Project("{FAE04EC0-301F-11D3-BF4B-00C04F79EFBC}") = "NexTraceOne.IdentityAccess.Contracts", "src\modules\identityaccess\NexTraceOne.IdentityAccess.Contracts\NexTraceOne.IdentityAccess.Contracts.csproj", "{6139A728-5495-4700-B174-B09F0B476A4E}"
EndProject
Project("{FAE04EC0-301F-11D3-BF4B-00C04F79EFBC}") = "NexTraceOne.Catalog.Contracts", "src\modules\catalog\NexTraceOne.Catalog.Contracts\NexTraceOne.Catalog.Contracts.csproj", "{9A4D7184-A8BE-4FA1-923A-FFE2E53F7633}"
EndProject
Project("{FAE04EC0-301F-11D3-BF4B-00C04F79EFBC}") = "NexTraceOne.ChangeGovernance.Contracts", "src\modules\changegovernance\NexTraceOne.ChangeGovernance.Contracts\NexTraceOne.ChangeGovernance.Contracts.csproj", "{13CA1105-1B14-442A-99E9-0DAEC6351FA3}"
EndProject
Project("{FAE04EC0-301F-11D3-BF4B-00C04F79EFBC}") = "NexTraceOne.OperationalIntelligence.Contracts", "src\modules\operationalintelligence\NexTraceOne.OperationalIntelligence.Contracts\NexTraceOne.OperationalIntelligence.Contracts.csproj", "{FA3C1F68-F8F2-486C-A8D6-A90D178F9897}"
EndProject
Project("{FAE04EC0-301F-11D3-BF4B-00C04F79EFBC}") = "NexTraceOne.AIKnowledge.Contracts", "src\modules\aiknowledge\NexTraceOne.AIKnowledge.Contracts\NexTraceOne.AIKnowledge.Contracts.csproj", "{19E60DEB-D70C-4DBF-AB59-72383345BB1B}"
EndProject
Project("{FAE04EC0-301F-11D3-BF4B-00C04F79EFBC}") = "NexTraceOne.AuditCompliance.Contracts", "src\modules\auditcompliance\NexTraceOne.AuditCompliance.Contracts\NexTraceOne.AuditCompliance.Contracts.csproj", "{09131F6F-6D7E-4FDA-AF1A-882FCEC52133}"
EndProject
Project("{FAE04EC0-301F-11D3-BF4B-00C04F79EFBC}") = "NexTraceOne.IdentityAccess.API", "src\modules\identityaccess\NexTraceOne.IdentityAccess.API\NexTraceOne.IdentityAccess.API.csproj", "{EF55B9B2-CF17-4E25-98E4-7A69519320EB}"
EndProject
Project("{FAE04EC0-301F-11D3-BF4B-00C04F79EFBC}") = "NexTraceOne.Catalog.API", "src\modules\catalog\NexTraceOne.Catalog.API\NexTraceOne.Catalog.API.csproj", "{A336D324-BE25-4258-960C-678CAAFD1BE8}"
EndProject
Project("{FAE04EC0-301F-11D3-BF4B-00C04F79EFBC}") = "NexTraceOne.ChangeGovernance.API", "src\modules\changegovernance\NexTraceOne.ChangeGovernance.API\NexTraceOne.ChangeGovernance.API.csproj", "{47CBC7CB-5CF8-42BA-8B23-6EA9E4B53327}"
EndProject
Project("{FAE04EC0-301F-11D3-BF4B-00C04F79EFBC}") = "NexTraceOne.OperationalIntelligence.API", "src\modules\operationalintelligence\NexTraceOne.OperationalIntelligence.API\NexTraceOne.OperationalIntelligence.API.csproj", "{EC33D826-FFEC-4445-A6CB-2751F77BF660}"
EndProject
Project("{FAE04EC0-301F-11D3-BF4B-00C04F79EFBC}") = "NexTraceOne.AIKnowledge.API", "src\modules\aiknowledge\NexTraceOne.AIKnowledge.API\NexTraceOne.AIKnowledge.API.csproj", "{36D53BDB-41E7-44A0-A0F1-B08834582CF7}"
EndProject
Project("{FAE04EC0-301F-11D3-BF4B-00C04F79EFBC}") = "NexTraceOne.AuditCompliance.API", "src\modules\auditcompliance\NexTraceOne.AuditCompliance.API\NexTraceOne.AuditCompliance.API.csproj", "{FC5336F2-B2D0-4CC1-8E0F-6914B2AAAFD0}"
EndProject
Project("{2150E333-8FDC-42A3-9474-1A3956D46DE8}") = "governance", "governance", "{7D332C09-6C29-D401-3D21-27BC44A9423B}"
EndProject
Project("{FAE04EC0-301F-11D3-BF4B-00C04F79EFBC}") = "NexTraceOne.Governance.Domain", "src\modules\governance\NexTraceOne.Governance.Domain\NexTraceOne.Governance.Domain.csproj", "{E8E84A88-A5CC-4D8E-A8BC-B86C5840C881}"
EndProject
Project("{FAE04EC0-301F-11D3-BF4B-00C04F79EFBC}") = "NexTraceOne.Governance.Application", "src\modules\governance\NexTraceOne.Governance.Application\NexTraceOne.Governance.Application.csproj", "{CE7E1694-B439-4E63-8754-595713A99CC8}"
EndProject
Project("{FAE04EC0-301F-11D3-BF4B-00C04F79EFBC}") = "NexTraceOne.Governance.Contracts", "src\modules\governance\NexTraceOne.Governance.Contracts\NexTraceOne.Governance.Contracts.csproj", "{5636F7BF-D36E-4193-B1D6-D9BF96B164F8}"
EndProject
Project("{FAE04EC0-301F-11D3-BF4B-00C04F79EFBC}") = "NexTraceOne.Governance.Infrastructure", "src\modules\governance\NexTraceOne.Governance.Infrastructure\NexTraceOne.Governance.Infrastructure.csproj", "{3F3EB169-BF2C-4E9F-B104-AA19930BF168}"
EndProject
Project("{FAE04EC0-301F-11D3-BF4B-00C04F79EFBC}") = "NexTraceOne.Governance.API", "src\modules\governance\NexTraceOne.Governance.API\NexTraceOne.Governance.API.csproj", "{EA339BD1-9125-463E-9D42-F733BB4DCC23}"
EndProject
Project("{2150E333-8FDC-42A3-9474-1A3956D46DE8}") = "governance", "governance", "{A7BD1B43-3E27-8E24-1F72-C560E0F26199}"
EndProject
Project("{FAE04EC0-301F-11D3-BF4B-00C04F79EFBC}") = "NexTraceOne.Governance.Tests", "tests\modules\governance\NexTraceOne.Governance.Tests\NexTraceOne.Governance.Tests.csproj", "{B19182A8-0981-466F-86DD-D2D0D9A141AD}"
EndProject
Project("{FAE04EC0-301F-11D3-BF4B-00C04F79EFBC}") = "NexTraceOne.CLI.Tests", "tests\platform\NexTraceOne.CLI.Tests\NexTraceOne.CLI.Tests.csproj", "{B0F12618-BB94-406E-B564-A33C21524D56}"
EndProject
Project("{2150E333-8FDC-42A3-9474-1A3956D46DE8}") = "notifications", "notifications", "{DE9DAF8A-E684-0FD3-FFDC-40D3E3158533}"
EndProject
Project("{FAE04EC0-301F-11D3-BF4B-00C04F79EFBC}") = "NexTraceOne.Notifications.Contracts", "src\modules\notifications\NexTraceOne.Notifications.Contracts\NexTraceOne.Notifications.Contracts.csproj", "{1C5CFFAF-82AC-49BF-BDAA-E94DEEDBFA58}"
EndProject
Project("{FAE04EC0-301F-11D3-BF4B-00C04F79EFBC}") = "NexTraceOne.Notifications.Domain", "src\modules\notifications\NexTraceOne.Notifications.Domain\NexTraceOne.Notifications.Domain.csproj", "{883E6339-8D39-4F65-9EF6-025F7BE883D5}"
EndProject
Project("{FAE04EC0-301F-11D3-BF4B-00C04F79EFBC}") = "NexTraceOne.Notifications.Application", "src\modules\notifications\NexTraceOne.Notifications.Application\NexTraceOne.Notifications.Application.csproj", "{66651AD1-3D21-4C9C-B4A8-993FF6994F66}"
EndProject
Project("{2150E333-8FDC-42A3-9474-1A3956D46DE8}") = "notifications", "notifications", "{5CAD844B-E449-970A-E9D0-133982AEC280}"
EndProject
Project("{FAE04EC0-301F-11D3-BF4B-00C04F79EFBC}") = "NexTraceOne.Notifications.Tests", "tests\modules\notifications\NexTraceOne.Notifications.Tests\NexTraceOne.Notifications.Tests.csproj", "{C3C95F82-02FB-4302-99C1-CA55684588AA}"
EndProject
Project("{FAE04EC0-301F-11D3-BF4B-00C04F79EFBC}") = "NexTraceOne.Notifications.Infrastructure", "src\modules\notifications\NexTraceOne.Notifications.Infrastructure\NexTraceOne.Notifications.Infrastructure.csproj", "{09643071-D1E0-49C0-AB4C-4B1D89F3874C}"
EndProject
Project("{FAE04EC0-301F-11D3-BF4B-00C04F79EFBC}") = "NexTraceOne.Notifications.API", "src\modules\notifications\NexTraceOne.Notifications.API\NexTraceOne.Notifications.API.csproj", "{F7E5DD7B-010B-42BA-812B-30B7E708F0A4}"
EndProject
Project("{2150E333-8FDC-42A3-9474-1A3956D46DE8}") = "configuration", "configuration", "{AD543401-B4A7-AC95-DA94-6718F3C81BEB}"
EndProject
Project("{FAE04EC0-301F-11D3-BF4B-00C04F79EFBC}") = "NexTraceOne.Configuration.Domain", "src\modules\configuration\NexTraceOne.Configuration.Domain\NexTraceOne.Configuration.Domain.csproj", "{6C87A14E-FE48-4D98-B7E7-0D52483541F3}"
EndProject
Project("{FAE04EC0-301F-11D3-BF4B-00C04F79EFBC}") = "NexTraceOne.Configuration.Contracts", "src\modules\configuration\NexTraceOne.Configuration.Contracts\NexTraceOne.Configuration.Contracts.csproj", "{3CBCB344-EB71-4654-809E-5AD20817248B}"
EndProject
Project("{FAE04EC0-301F-11D3-BF4B-00C04F79EFBC}") = "NexTraceOne.Configuration.Application", "src\modules\configuration\NexTraceOne.Configuration.Application\NexTraceOne.Configuration.Application.csproj", "{931B0A6B-A1C0-426A-A403-CB2E480C69FE}"
EndProject
Project("{FAE04EC0-301F-11D3-BF4B-00C04F79EFBC}") = "NexTraceOne.Configuration.Infrastructure", "src\modules\configuration\NexTraceOne.Configuration.Infrastructure\NexTraceOne.Configuration.Infrastructure.csproj", "{298B0B92-3310-44C2-8F7A-4DFE18B92476}"
EndProject
Project("{FAE04EC0-301F-11D3-BF4B-00C04F79EFBC}") = "NexTraceOne.Configuration.API", "src\modules\configuration\NexTraceOne.Configuration.API\NexTraceOne.Configuration.API.csproj", "{86981A4E-E301-40F5-B8ED-9DDB917F66FA}"
EndProject
Global
	GlobalSection(SolutionConfigurationPlatforms) = preSolution
		Debug|Any CPU = Debug|Any CPU
		Debug|x64 = Debug|x64
		Debug|x86 = Debug|x86
		Release|Any CPU = Release|Any CPU
		Release|x64 = Release|x64
		Release|x86 = Release|x86
	EndGlobalSection
	GlobalSection(ProjectConfigurationPlatforms) = postSolution
		{CBFB6752-A9A5-46AB-83A0-440AEFF13AC9}.Debug|Any CPU.ActiveCfg = Debug|Any CPU
		{CBFB6752-A9A5-46AB-83A0-440AEFF13AC9}.Debug|Any CPU.Build.0 = Debug|Any CPU
		{CBFB6752-A9A5-46AB-83A0-440AEFF13AC9}.Debug|x64.ActiveCfg = Debug|Any CPU
		{CBFB6752-A9A5-46AB-83A0-440AEFF13AC9}.Debug|x64.Build.0 = Debug|Any CPU
		{CBFB6752-A9A5-46AB-83A0-440AEFF13AC9}.Debug|x86.ActiveCfg = Debug|Any CPU
		{CBFB6752-A9A5-46AB-83A0-440AEFF13AC9}.Debug|x86.Build.0 = Debug|Any CPU
		{CBFB6752-A9A5-46AB-83A0-440AEFF13AC9}.Release|Any CPU.ActiveCfg = Release|Any CPU
		{CBFB6752-A9A5-46AB-83A0-440AEFF13AC9}.Release|Any CPU.Build.0 = Release|Any CPU
		{CBFB6752-A9A5-46AB-83A0-440AEFF13AC9}.Release|x64.ActiveCfg = Release|Any CPU
		{CBFB6752-A9A5-46AB-83A0-440AEFF13AC9}.Release|x64.Build.0 = Release|Any CPU
		{CBFB6752-A9A5-46AB-83A0-440AEFF13AC9}.Release|x86.ActiveCfg = Release|Any CPU
		{CBFB6752-A9A5-46AB-83A0-440AEFF13AC9}.Release|x86.Build.0 = Release|Any CPU
		{C1D93804-A05B-4A86-AFE6-87A7A81D1861}.Debug|Any CPU.ActiveCfg = Debug|Any CPU
		{C1D93804-A05B-4A86-AFE6-87A7A81D1861}.Debug|Any CPU.Build.0 = Debug|Any CPU
		{C1D93804-A05B-4A86-AFE6-87A7A81D1861}.Debug|x64.ActiveCfg = Debug|Any CPU
		{C1D93804-A05B-4A86-AFE6-87A7A81D1861}.Debug|x64.Build.0 = Debug|Any CPU
		{C1D93804-A05B-4A86-AFE6-87A7A81D1861}.Debug|x86.ActiveCfg = Debug|Any CPU
		{C1D93804-A05B-4A86-AFE6-87A7A81D1861}.Debug|x86.Build.0 = Debug|Any CPU
		{C1D93804-A05B-4A86-AFE6-87A7A81D1861}.Release|Any CPU.ActiveCfg = Release|Any CPU
		{C1D93804-A05B-4A86-AFE6-87A7A81D1861}.Release|Any CPU.Build.0 = Release|Any CPU
		{C1D93804-A05B-4A86-AFE6-87A7A81D1861}.Release|x64.ActiveCfg = Release|Any CPU
		{C1D93804-A05B-4A86-AFE6-87A7A81D1861}.Release|x64.Build.0 = Release|Any CPU
		{C1D93804-A05B-4A86-AFE6-87A7A81D1861}.Release|x86.ActiveCfg = Release|Any CPU
		{C1D93804-A05B-4A86-AFE6-87A7A81D1861}.Release|x86.Build.0 = Release|Any CPU
		{58370875-77A4-455F-82A2-0336423F3D79}.Debug|Any CPU.ActiveCfg = Debug|Any CPU
		{58370875-77A4-455F-82A2-0336423F3D79}.Debug|Any CPU.Build.0 = Debug|Any CPU
		{58370875-77A4-455F-82A2-0336423F3D79}.Debug|x64.ActiveCfg = Debug|Any CPU
		{58370875-77A4-455F-82A2-0336423F3D79}.Debug|x64.Build.0 = Debug|Any CPU
		{58370875-77A4-455F-82A2-0336423F3D79}.Debug|x86.ActiveCfg = Debug|Any CPU
		{58370875-77A4-455F-82A2-0336423F3D79}.Debug|x86.Build.0 = Debug|Any CPU
		{58370875-77A4-455F-82A2-0336423F3D79}.Release|Any CPU.ActiveCfg = Release|Any CPU
		{58370875-77A4-455F-82A2-0336423F3D79}.Release|Any CPU.Build.0 = Release|Any CPU
		{58370875-77A4-455F-82A2-0336423F3D79}.Release|x64.ActiveCfg = Release|Any CPU
		{58370875-77A4-455F-82A2-0336423F3D79}.Release|x64.Build.0 = Release|Any CPU
		{58370875-77A4-455F-82A2-0336423F3D79}.Release|x86.ActiveCfg = Release|Any CPU
		{58370875-77A4-455F-82A2-0336423F3D79}.Release|x86.Build.0 = Release|Any CPU
		{553ABCBA-259B-4080-9DE6-58C288EC2FF0}.Debug|Any CPU.ActiveCfg = Debug|Any CPU
		{553ABCBA-259B-4080-9DE6-58C288EC2FF0}.Debug|Any CPU.Build.0 = Debug|Any CPU
		{553ABCBA-259B-4080-9DE6-58C288EC2FF0}.Debug|x64.ActiveCfg = Debug|Any CPU
		{553ABCBA-259B-4080-9DE6-58C288EC2FF0}.Debug|x64.Build.0 = Debug|Any CPU
		{553ABCBA-259B-4080-9DE6-58C288EC2FF0}.Debug|x86.ActiveCfg = Debug|Any CPU
		{553ABCBA-259B-4080-9DE6-58C288EC2FF0}.Debug|x86.Build.0 = Debug|Any CPU
		{553ABCBA-259B-4080-9DE6-58C288EC2FF0}.Release|Any CPU.ActiveCfg = Release|Any CPU
		{553ABCBA-259B-4080-9DE6-58C288EC2FF0}.Release|Any CPU.Build.0 = Release|Any CPU
		{553ABCBA-259B-4080-9DE6-58C288EC2FF0}.Release|x64.ActiveCfg = Release|Any CPU
		{553ABCBA-259B-4080-9DE6-58C288EC2FF0}.Release|x64.Build.0 = Release|Any CPU
		{553ABCBA-259B-4080-9DE6-58C288EC2FF0}.Release|x86.ActiveCfg = Release|Any CPU
		{553ABCBA-259B-4080-9DE6-58C288EC2FF0}.Release|x86.Build.0 = Release|Any CPU
		{A3D79C4F-7517-4F38-86C4-E8A9DD59CA4C}.Debug|Any CPU.ActiveCfg = Debug|Any CPU
		{A3D79C4F-7517-4F38-86C4-E8A9DD59CA4C}.Debug|Any CPU.Build.0 = Debug|Any CPU
		{A3D79C4F-7517-4F38-86C4-E8A9DD59CA4C}.Debug|x64.ActiveCfg = Debug|Any CPU
		{A3D79C4F-7517-4F38-86C4-E8A9DD59CA4C}.Debug|x64.Build.0 = Debug|Any CPU
		{A3D79C4F-7517-4F38-86C4-E8A9DD59CA4C}.Debug|x86.ActiveCfg = Debug|Any CPU
		{A3D79C4F-7517-4F38-86C4-E8A9DD59CA4C}.Debug|x86.Build.0 = Debug|Any CPU
		{A3D79C4F-7517-4F38-86C4-E8A9DD59CA4C}.Release|Any CPU.ActiveCfg = Release|Any CPU
		{A3D79C4F-7517-4F38-86C4-E8A9DD59CA4C}.Release|Any CPU.Build.0 = Release|Any CPU
		{A3D79C4F-7517-4F38-86C4-E8A9DD59CA4C}.Release|x64.ActiveCfg = Release|Any CPU
		{A3D79C4F-7517-4F38-86C4-E8A9DD59CA4C}.Release|x64.Build.0 = Release|Any CPU
		{A3D79C4F-7517-4F38-86C4-E8A9DD59CA4C}.Release|x86.ActiveCfg = Release|Any CPU
		{A3D79C4F-7517-4F38-86C4-E8A9DD59CA4C}.Release|x86.Build.0 = Release|Any CPU
		{6DD18540-3F5A-44A8-9F96-EDDA1DAB49AE}.Debug|Any CPU.ActiveCfg = Debug|Any CPU
		{6DD18540-3F5A-44A8-9F96-EDDA1DAB49AE}.Debug|Any CPU.Build.0 = Debug|Any CPU
		{6DD18540-3F5A-44A8-9F96-EDDA1DAB49AE}.Debug|x64.ActiveCfg = Debug|Any CPU
		{6DD18540-3F5A-44A8-9F96-EDDA1DAB49AE}.Debug|x64.Build.0 = Debug|Any CPU
		{6DD18540-3F5A-44A8-9F96-EDDA1DAB49AE}.Debug|x86.ActiveCfg = Debug|Any CPU
		{6DD18540-3F5A-44A8-9F96-EDDA1DAB49AE}.Debug|x86.Build.0 = Debug|Any CPU
		{6DD18540-3F5A-44A8-9F96-EDDA1DAB49AE}.Release|Any CPU.ActiveCfg = Release|Any CPU
		{6DD18540-3F5A-44A8-9F96-EDDA1DAB49AE}.Release|Any CPU.Build.0 = Release|Any CPU
		{6DD18540-3F5A-44A8-9F96-EDDA1DAB49AE}.Release|x64.ActiveCfg = Release|Any CPU
		{6DD18540-3F5A-44A8-9F96-EDDA1DAB49AE}.Release|x64.Build.0 = Release|Any CPU
		{6DD18540-3F5A-44A8-9F96-EDDA1DAB49AE}.Release|x86.ActiveCfg = Release|Any CPU
		{6DD18540-3F5A-44A8-9F96-EDDA1DAB49AE}.Release|x86.Build.0 = Release|Any CPU
		{4267BB4C-FA29-4195-B475-CDEE247817A9}.Debug|Any CPU.ActiveCfg = Debug|Any CPU
		{4267BB4C-FA29-4195-B475-CDEE247817A9}.Debug|Any CPU.Build.0 = Debug|Any CPU
		{4267BB4C-FA29-4195-B475-CDEE247817A9}.Debug|x64.ActiveCfg = Debug|Any CPU
		{4267BB4C-FA29-4195-B475-CDEE247817A9}.Debug|x64.Build.0 = Debug|Any CPU
		{4267BB4C-FA29-4195-B475-CDEE247817A9}.Debug|x86.ActiveCfg = Debug|Any CPU
		{4267BB4C-FA29-4195-B475-CDEE247817A9}.Debug|x86.Build.0 = Debug|Any CPU
		{4267BB4C-FA29-4195-B475-CDEE247817A9}.Release|Any CPU.ActiveCfg = Release|Any CPU
		{4267BB4C-FA29-4195-B475-CDEE247817A9}.Release|Any CPU.Build.0 = Release|Any CPU
		{4267BB4C-FA29-4195-B475-CDEE247817A9}.Release|x64.ActiveCfg = Release|Any CPU
		{4267BB4C-FA29-4195-B475-CDEE247817A9}.Release|x64.Build.0 = Release|Any CPU
		{4267BB4C-FA29-4195-B475-CDEE247817A9}.Release|x86.ActiveCfg = Release|Any CPU
		{4267BB4C-FA29-4195-B475-CDEE247817A9}.Release|x86.Build.0 = Release|Any CPU
		{1FB5431B-0AAE-41E6-A9BD-030518FEF9E7}.Debug|Any CPU.ActiveCfg = Debug|Any CPU
		{1FB5431B-0AAE-41E6-A9BD-030518FEF9E7}.Debug|Any CPU.Build.0 = Debug|Any CPU
		{1FB5431B-0AAE-41E6-A9BD-030518FEF9E7}.Debug|x64.ActiveCfg = Debug|Any CPU
		{1FB5431B-0AAE-41E6-A9BD-030518FEF9E7}.Debug|x64.Build.0 = Debug|Any CPU
		{1FB5431B-0AAE-41E6-A9BD-030518FEF9E7}.Debug|x86.ActiveCfg = Debug|Any CPU
		{1FB5431B-0AAE-41E6-A9BD-030518FEF9E7}.Debug|x86.Build.0 = Debug|Any CPU
		{1FB5431B-0AAE-41E6-A9BD-030518FEF9E7}.Release|Any CPU.ActiveCfg = Release|Any CPU
		{1FB5431B-0AAE-41E6-A9BD-030518FEF9E7}.Release|Any CPU.Build.0 = Release|Any CPU
		{1FB5431B-0AAE-41E6-A9BD-030518FEF9E7}.Release|x64.ActiveCfg = Release|Any CPU
		{1FB5431B-0AAE-41E6-A9BD-030518FEF9E7}.Release|x64.Build.0 = Release|Any CPU
		{1FB5431B-0AAE-41E6-A9BD-030518FEF9E7}.Release|x86.ActiveCfg = Release|Any CPU
		{1FB5431B-0AAE-41E6-A9BD-030518FEF9E7}.Release|x86.Build.0 = Release|Any CPU
		{51A299D5-23A6-47C6-81E7-8A0C888DC104}.Debug|Any CPU.ActiveCfg = Debug|Any CPU
		{51A299D5-23A6-47C6-81E7-8A0C888DC104}.Debug|Any CPU.Build.0 = Debug|Any CPU
		{51A299D5-23A6-47C6-81E7-8A0C888DC104}.Debug|x64.ActiveCfg = Debug|Any CPU
		{51A299D5-23A6-47C6-81E7-8A0C888DC104}.Debug|x64.Build.0 = Debug|Any CPU
		{51A299D5-23A6-47C6-81E7-8A0C888DC104}.Debug|x86.ActiveCfg = Debug|Any CPU
		{51A299D5-23A6-47C6-81E7-8A0C888DC104}.Debug|x86.Build.0 = Debug|Any CPU
		{51A299D5-23A6-47C6-81E7-8A0C888DC104}.Release|Any CPU.ActiveCfg = Release|Any CPU
		{51A299D5-23A6-47C6-81E7-8A0C888DC104}.Release|Any CPU.Build.0 = Release|Any CPU
		{51A299D5-23A6-47C6-81E7-8A0C888DC104}.Release|x64.ActiveCfg = Release|Any CPU
		{51A299D5-23A6-47C6-81E7-8A0C888DC104}.Release|x64.Build.0 = Release|Any CPU
		{51A299D5-23A6-47C6-81E7-8A0C888DC104}.Release|x86.ActiveCfg = Release|Any CPU
		{51A299D5-23A6-47C6-81E7-8A0C888DC104}.Release|x86.Build.0 = Release|Any CPU
		{A9844960-BB1D-43F8-9F2F-C49EC04BA411}.Debug|Any CPU.ActiveCfg = Debug|Any CPU
		{A9844960-BB1D-43F8-9F2F-C49EC04BA411}.Debug|Any CPU.Build.0 = Debug|Any CPU
		{A9844960-BB1D-43F8-9F2F-C49EC04BA411}.Debug|x64.ActiveCfg = Debug|Any CPU
		{A9844960-BB1D-43F8-9F2F-C49EC04BA411}.Debug|x64.Build.0 = Debug|Any CPU
		{A9844960-BB1D-43F8-9F2F-C49EC04BA411}.Debug|x86.ActiveCfg = Debug|Any CPU
		{A9844960-BB1D-43F8-9F2F-C49EC04BA411}.Debug|x86.Build.0 = Debug|Any CPU
		{A9844960-BB1D-43F8-9F2F-C49EC04BA411}.Release|Any CPU.ActiveCfg = Release|Any CPU
		{A9844960-BB1D-43F8-9F2F-C49EC04BA411}.Release|Any CPU.Build.0 = Release|Any CPU
		{A9844960-BB1D-43F8-9F2F-C49EC04BA411}.Release|x64.ActiveCfg = Release|Any CPU
		{A9844960-BB1D-43F8-9F2F-C49EC04BA411}.Release|x64.Build.0 = Release|Any CPU
		{A9844960-BB1D-43F8-9F2F-C49EC04BA411}.Release|x86.ActiveCfg = Release|Any CPU
		{A9844960-BB1D-43F8-9F2F-C49EC04BA411}.Release|x86.Build.0 = Release|Any CPU
		{2D84D4C3-231F-423D-9102-C3DE87C9226E}.Debug|Any CPU.ActiveCfg = Debug|Any CPU
		{2D84D4C3-231F-423D-9102-C3DE87C9226E}.Debug|Any CPU.Build.0 = Debug|Any CPU
		{2D84D4C3-231F-423D-9102-C3DE87C9226E}.Debug|x64.ActiveCfg = Debug|Any CPU
		{2D84D4C3-231F-423D-9102-C3DE87C9226E}.Debug|x64.Build.0 = Debug|Any CPU
		{2D84D4C3-231F-423D-9102-C3DE87C9226E}.Debug|x86.ActiveCfg = Debug|Any CPU
		{2D84D4C3-231F-423D-9102-C3DE87C9226E}.Debug|x86.Build.0 = Debug|Any CPU
		{2D84D4C3-231F-423D-9102-C3DE87C9226E}.Release|Any CPU.ActiveCfg = Release|Any CPU
		{2D84D4C3-231F-423D-9102-C3DE87C9226E}.Release|Any CPU.Build.0 = Release|Any CPU
		{2D84D4C3-231F-423D-9102-C3DE87C9226E}.Release|x64.ActiveCfg = Release|Any CPU
		{2D84D4C3-231F-423D-9102-C3DE87C9226E}.Release|x64.Build.0 = Release|Any CPU
		{2D84D4C3-231F-423D-9102-C3DE87C9226E}.Release|x86.ActiveCfg = Release|Any CPU
		{2D84D4C3-231F-423D-9102-C3DE87C9226E}.Release|x86.Build.0 = Release|Any CPU
		{39E56F4F-7716-44D3-9053-D6C3449F0137}.Debug|Any CPU.ActiveCfg = Debug|Any CPU
		{39E56F4F-7716-44D3-9053-D6C3449F0137}.Debug|Any CPU.Build.0 = Debug|Any CPU
		{39E56F4F-7716-44D3-9053-D6C3449F0137}.Debug|x64.ActiveCfg = Debug|Any CPU
		{39E56F4F-7716-44D3-9053-D6C3449F0137}.Debug|x64.Build.0 = Debug|Any CPU
		{39E56F4F-7716-44D3-9053-D6C3449F0137}.Debug|x86.ActiveCfg = Debug|Any CPU
		{39E56F4F-7716-44D3-9053-D6C3449F0137}.Debug|x86.Build.0 = Debug|Any CPU
		{39E56F4F-7716-44D3-9053-D6C3449F0137}.Release|Any CPU.ActiveCfg = Release|Any CPU
		{39E56F4F-7716-44D3-9053-D6C3449F0137}.Release|Any CPU.Build.0 = Release|Any CPU
		{39E56F4F-7716-44D3-9053-D6C3449F0137}.Release|x64.ActiveCfg = Release|Any CPU
		{39E56F4F-7716-44D3-9053-D6C3449F0137}.Release|x64.Build.0 = Release|Any CPU
		{39E56F4F-7716-44D3-9053-D6C3449F0137}.Release|x86.ActiveCfg = Release|Any CPU
		{39E56F4F-7716-44D3-9053-D6C3449F0137}.Release|x86.Build.0 = Release|Any CPU
		{D1D5A584-EC78-4399-BF15-9990E66F57E2}.Debug|Any CPU.ActiveCfg = Debug|Any CPU
		{D1D5A584-EC78-4399-BF15-9990E66F57E2}.Debug|Any CPU.Build.0 = Debug|Any CPU
		{D1D5A584-EC78-4399-BF15-9990E66F57E2}.Debug|x64.ActiveCfg = Debug|Any CPU
		{D1D5A584-EC78-4399-BF15-9990E66F57E2}.Debug|x64.Build.0 = Debug|Any CPU
		{D1D5A584-EC78-4399-BF15-9990E66F57E2}.Debug|x86.ActiveCfg = Debug|Any CPU
		{D1D5A584-EC78-4399-BF15-9990E66F57E2}.Debug|x86.Build.0 = Debug|Any CPU
		{D1D5A584-EC78-4399-BF15-9990E66F57E2}.Release|Any CPU.ActiveCfg = Release|Any CPU
		{D1D5A584-EC78-4399-BF15-9990E66F57E2}.Release|Any CPU.Build.0 = Release|Any CPU
		{D1D5A584-EC78-4399-BF15-9990E66F57E2}.Release|x64.ActiveCfg = Release|Any CPU
		{D1D5A584-EC78-4399-BF15-9990E66F57E2}.Release|x64.Build.0 = Release|Any CPU
		{D1D5A584-EC78-4399-BF15-9990E66F57E2}.Release|x86.ActiveCfg = Release|Any CPU
		{D1D5A584-EC78-4399-BF15-9990E66F57E2}.Release|x86.Build.0 = Release|Any CPU
		{F6493800-937E-4620-9513-547E76D64851}.Debug|Any CPU.ActiveCfg = Debug|Any CPU
		{F6493800-937E-4620-9513-547E76D64851}.Debug|Any CPU.Build.0 = Debug|Any CPU
		{F6493800-937E-4620-9513-547E76D64851}.Debug|x64.ActiveCfg = Debug|Any CPU
		{F6493800-937E-4620-9513-547E76D64851}.Debug|x64.Build.0 = Debug|Any CPU
		{F6493800-937E-4620-9513-547E76D64851}.Debug|x86.ActiveCfg = Debug|Any CPU
		{F6493800-937E-4620-9513-547E76D64851}.Debug|x86.Build.0 = Debug|Any CPU
		{F6493800-937E-4620-9513-547E76D64851}.Release|Any CPU.ActiveCfg = Release|Any CPU
		{F6493800-937E-4620-9513-547E76D64851}.Release|Any CPU.Build.0 = Release|Any CPU
		{F6493800-937E-4620-9513-547E76D64851}.Release|x64.ActiveCfg = Release|Any CPU
		{F6493800-937E-4620-9513-547E76D64851}.Release|x64.Build.0 = Release|Any CPU
		{F6493800-937E-4620-9513-547E76D64851}.Release|x86.ActiveCfg = Release|Any CPU
		{F6493800-937E-4620-9513-547E76D64851}.Release|x86.Build.0 = Release|Any CPU
		{158FDAD3-383B-4A7E-B70F-A0B9EDCD0B10}.Debug|Any CPU.ActiveCfg = Debug|Any CPU
		{158FDAD3-383B-4A7E-B70F-A0B9EDCD0B10}.Debug|Any CPU.Build.0 = Debug|Any CPU
		{158FDAD3-383B-4A7E-B70F-A0B9EDCD0B10}.Debug|x64.ActiveCfg = Debug|Any CPU
		{158FDAD3-383B-4A7E-B70F-A0B9EDCD0B10}.Debug|x64.Build.0 = Debug|Any CPU
		{158FDAD3-383B-4A7E-B70F-A0B9EDCD0B10}.Debug|x86.ActiveCfg = Debug|Any CPU
		{158FDAD3-383B-4A7E-B70F-A0B9EDCD0B10}.Debug|x86.Build.0 = Debug|Any CPU
		{158FDAD3-383B-4A7E-B70F-A0B9EDCD0B10}.Release|Any CPU.ActiveCfg = Release|Any CPU
		{158FDAD3-383B-4A7E-B70F-A0B9EDCD0B10}.Release|Any CPU.Build.0 = Release|Any CPU
		{158FDAD3-383B-4A7E-B70F-A0B9EDCD0B10}.Release|x64.ActiveCfg = Release|Any CPU
		{158FDAD3-383B-4A7E-B70F-A0B9EDCD0B10}.Release|x64.Build.0 = Release|Any CPU
		{158FDAD3-383B-4A7E-B70F-A0B9EDCD0B10}.Release|x86.ActiveCfg = Release|Any CPU
		{158FDAD3-383B-4A7E-B70F-A0B9EDCD0B10}.Release|x86.Build.0 = Release|Any CPU
		{FF054AA3-853D-41FF-8912-75A193DEE64D}.Debug|Any CPU.ActiveCfg = Debug|Any CPU
		{FF054AA3-853D-41FF-8912-75A193DEE64D}.Debug|x64.ActiveCfg = Debug|Any CPU
		{FF054AA3-853D-41FF-8912-75A193DEE64D}.Debug|x86.ActiveCfg = Debug|Any CPU
		{FF054AA3-853D-41FF-8912-75A193DEE64D}.Release|Any CPU.ActiveCfg = Release|Any CPU
		{FF054AA3-853D-41FF-8912-75A193DEE64D}.Release|x64.ActiveCfg = Release|Any CPU
		{FF054AA3-853D-41FF-8912-75A193DEE64D}.Release|x86.ActiveCfg = Release|Any CPU
		{EC311F25-62D2-44B2-A12F-26D2F7AE7601}.Debug|Any CPU.ActiveCfg = Debug|Any CPU
		{EC311F25-62D2-44B2-A12F-26D2F7AE7601}.Debug|Any CPU.Build.0 = Debug|Any CPU
		{EC311F25-62D2-44B2-A12F-26D2F7AE7601}.Debug|x64.ActiveCfg = Debug|Any CPU
		{EC311F25-62D2-44B2-A12F-26D2F7AE7601}.Debug|x64.Build.0 = Debug|Any CPU
		{EC311F25-62D2-44B2-A12F-26D2F7AE7601}.Debug|x86.ActiveCfg = Debug|Any CPU
		{EC311F25-62D2-44B2-A12F-26D2F7AE7601}.Debug|x86.Build.0 = Debug|Any CPU
		{EC311F25-62D2-44B2-A12F-26D2F7AE7601}.Release|Any CPU.ActiveCfg = Release|Any CPU
		{EC311F25-62D2-44B2-A12F-26D2F7AE7601}.Release|Any CPU.Build.0 = Release|Any CPU
		{EC311F25-62D2-44B2-A12F-26D2F7AE7601}.Release|x64.ActiveCfg = Release|Any CPU
		{EC311F25-62D2-44B2-A12F-26D2F7AE7601}.Release|x64.Build.0 = Release|Any CPU
		{EC311F25-62D2-44B2-A12F-26D2F7AE7601}.Release|x86.ActiveCfg = Release|Any CPU
		{EC311F25-62D2-44B2-A12F-26D2F7AE7601}.Release|x86.Build.0 = Release|Any CPU
		{C8D144B1-37A7-40FC-96CB-24747037B6B9}.Debug|Any CPU.ActiveCfg = Debug|Any CPU
		{C8D144B1-37A7-40FC-96CB-24747037B6B9}.Debug|Any CPU.Build.0 = Debug|Any CPU
		{C8D144B1-37A7-40FC-96CB-24747037B6B9}.Debug|x64.ActiveCfg = Debug|Any CPU
		{C8D144B1-37A7-40FC-96CB-24747037B6B9}.Debug|x64.Build.0 = Debug|Any CPU
		{C8D144B1-37A7-40FC-96CB-24747037B6B9}.Debug|x86.ActiveCfg = Debug|Any CPU
		{C8D144B1-37A7-40FC-96CB-24747037B6B9}.Debug|x86.Build.0 = Debug|Any CPU
		{C8D144B1-37A7-40FC-96CB-24747037B6B9}.Release|Any CPU.ActiveCfg = Release|Any CPU
		{C8D144B1-37A7-40FC-96CB-24747037B6B9}.Release|Any CPU.Build.0 = Release|Any CPU
		{C8D144B1-37A7-40FC-96CB-24747037B6B9}.Release|x64.ActiveCfg = Release|Any CPU
		{C8D144B1-37A7-40FC-96CB-24747037B6B9}.Release|x64.Build.0 = Release|Any CPU
		{C8D144B1-37A7-40FC-96CB-24747037B6B9}.Release|x86.ActiveCfg = Release|Any CPU
		{C8D144B1-37A7-40FC-96CB-24747037B6B9}.Release|x86.Build.0 = Release|Any CPU
		{E8B2F1AF-1FF2-40ED-B120-903561960B7B}.Debug|Any CPU.ActiveCfg = Debug|Any CPU
		{E8B2F1AF-1FF2-40ED-B120-903561960B7B}.Debug|Any CPU.Build.0 = Debug|Any CPU
		{E8B2F1AF-1FF2-40ED-B120-903561960B7B}.Debug|x64.ActiveCfg = Debug|Any CPU
		{E8B2F1AF-1FF2-40ED-B120-903561960B7B}.Debug|x64.Build.0 = Debug|Any CPU
		{E8B2F1AF-1FF2-40ED-B120-903561960B7B}.Debug|x86.ActiveCfg = Debug|Any CPU
		{E8B2F1AF-1FF2-40ED-B120-903561960B7B}.Debug|x86.Build.0 = Debug|Any CPU
		{E8B2F1AF-1FF2-40ED-B120-903561960B7B}.Release|Any CPU.ActiveCfg = Release|Any CPU
		{E8B2F1AF-1FF2-40ED-B120-903561960B7B}.Release|Any CPU.Build.0 = Release|Any CPU
		{E8B2F1AF-1FF2-40ED-B120-903561960B7B}.Release|x64.ActiveCfg = Release|Any CPU
		{E8B2F1AF-1FF2-40ED-B120-903561960B7B}.Release|x64.Build.0 = Release|Any CPU
		{E8B2F1AF-1FF2-40ED-B120-903561960B7B}.Release|x86.ActiveCfg = Release|Any CPU
		{E8B2F1AF-1FF2-40ED-B120-903561960B7B}.Release|x86.Build.0 = Release|Any CPU
		{4BCC4100-4E25-448A-BEB4-B1D30B8BC1AB}.Debug|Any CPU.ActiveCfg = Debug|Any CPU
		{4BCC4100-4E25-448A-BEB4-B1D30B8BC1AB}.Debug|Any CPU.Build.0 = Debug|Any CPU
		{4BCC4100-4E25-448A-BEB4-B1D30B8BC1AB}.Debug|x64.ActiveCfg = Debug|Any CPU
		{4BCC4100-4E25-448A-BEB4-B1D30B8BC1AB}.Debug|x64.Build.0 = Debug|Any CPU
		{4BCC4100-4E25-448A-BEB4-B1D30B8BC1AB}.Debug|x86.ActiveCfg = Debug|Any CPU
		{4BCC4100-4E25-448A-BEB4-B1D30B8BC1AB}.Debug|x86.Build.0 = Debug|Any CPU
		{4BCC4100-4E25-448A-BEB4-B1D30B8BC1AB}.Release|Any CPU.ActiveCfg = Release|Any CPU
		{4BCC4100-4E25-448A-BEB4-B1D30B8BC1AB}.Release|Any CPU.Build.0 = Release|Any CPU
		{4BCC4100-4E25-448A-BEB4-B1D30B8BC1AB}.Release|x64.ActiveCfg = Release|Any CPU
		{4BCC4100-4E25-448A-BEB4-B1D30B8BC1AB}.Release|x64.Build.0 = Release|Any CPU
		{4BCC4100-4E25-448A-BEB4-B1D30B8BC1AB}.Release|x86.ActiveCfg = Release|Any CPU
		{4BCC4100-4E25-448A-BEB4-B1D30B8BC1AB}.Release|x86.Build.0 = Release|Any CPU
		{D7DBBF86-15E4-4C63-8C23-97E848B5C0DE}.Debug|Any CPU.ActiveCfg = Debug|Any CPU
		{D7DBBF86-15E4-4C63-8C23-97E848B5C0DE}.Debug|Any CPU.Build.0 = Debug|Any CPU
		{D7DBBF86-15E4-4C63-8C23-97E848B5C0DE}.Debug|x64.ActiveCfg = Debug|Any CPU
		{D7DBBF86-15E4-4C63-8C23-97E848B5C0DE}.Debug|x64.Build.0 = Debug|Any CPU
		{D7DBBF86-15E4-4C63-8C23-97E848B5C0DE}.Debug|x86.ActiveCfg = Debug|Any CPU
		{D7DBBF86-15E4-4C63-8C23-97E848B5C0DE}.Debug|x86.Build.0 = Debug|Any CPU
		{D7DBBF86-15E4-4C63-8C23-97E848B5C0DE}.Release|Any CPU.ActiveCfg = Release|Any CPU
		{D7DBBF86-15E4-4C63-8C23-97E848B5C0DE}.Release|Any CPU.Build.0 = Release|Any CPU
		{D7DBBF86-15E4-4C63-8C23-97E848B5C0DE}.Release|x64.ActiveCfg = Release|Any CPU
		{D7DBBF86-15E4-4C63-8C23-97E848B5C0DE}.Release|x64.Build.0 = Release|Any CPU
		{D7DBBF86-15E4-4C63-8C23-97E848B5C0DE}.Release|x86.ActiveCfg = Release|Any CPU
		{D7DBBF86-15E4-4C63-8C23-97E848B5C0DE}.Release|x86.Build.0 = Release|Any CPU
		{C06AF221-47C6-49FE-BD06-EC2E145A6658}.Debug|Any CPU.ActiveCfg = Debug|Any CPU
		{C06AF221-47C6-49FE-BD06-EC2E145A6658}.Debug|Any CPU.Build.0 = Debug|Any CPU
		{C06AF221-47C6-49FE-BD06-EC2E145A6658}.Debug|x64.ActiveCfg = Debug|Any CPU
		{C06AF221-47C6-49FE-BD06-EC2E145A6658}.Debug|x64.Build.0 = Debug|Any CPU
		{C06AF221-47C6-49FE-BD06-EC2E145A6658}.Debug|x86.ActiveCfg = Debug|Any CPU
		{C06AF221-47C6-49FE-BD06-EC2E145A6658}.Debug|x86.Build.0 = Debug|Any CPU
		{C06AF221-47C6-49FE-BD06-EC2E145A6658}.Release|Any CPU.ActiveCfg = Release|Any CPU
		{C06AF221-47C6-49FE-BD06-EC2E145A6658}.Release|Any CPU.Build.0 = Release|Any CPU
		{C06AF221-47C6-49FE-BD06-EC2E145A6658}.Release|x64.ActiveCfg = Release|Any CPU
		{C06AF221-47C6-49FE-BD06-EC2E145A6658}.Release|x64.Build.0 = Release|Any CPU
		{C06AF221-47C6-49FE-BD06-EC2E145A6658}.Release|x86.ActiveCfg = Release|Any CPU
		{C06AF221-47C6-49FE-BD06-EC2E145A6658}.Release|x86.Build.0 = Release|Any CPU
		{87367FE7-D9D8-4B59-A5F9-832D10807CA7}.Debug|Any CPU.ActiveCfg = Debug|Any CPU
		{87367FE7-D9D8-4B59-A5F9-832D10807CA7}.Debug|Any CPU.Build.0 = Debug|Any CPU
		{87367FE7-D9D8-4B59-A5F9-832D10807CA7}.Debug|x64.ActiveCfg = Debug|Any CPU
		{87367FE7-D9D8-4B59-A5F9-832D10807CA7}.Debug|x64.Build.0 = Debug|Any CPU
		{87367FE7-D9D8-4B59-A5F9-832D10807CA7}.Debug|x86.ActiveCfg = Debug|Any CPU
		{87367FE7-D9D8-4B59-A5F9-832D10807CA7}.Debug|x86.Build.0 = Debug|Any CPU
		{87367FE7-D9D8-4B59-A5F9-832D10807CA7}.Release|Any CPU.ActiveCfg = Release|Any CPU
		{87367FE7-D9D8-4B59-A5F9-832D10807CA7}.Release|Any CPU.Build.0 = Release|Any CPU
		{87367FE7-D9D8-4B59-A5F9-832D10807CA7}.Release|x64.ActiveCfg = Release|Any CPU
		{87367FE7-D9D8-4B59-A5F9-832D10807CA7}.Release|x64.Build.0 = Release|Any CPU
		{87367FE7-D9D8-4B59-A5F9-832D10807CA7}.Release|x86.ActiveCfg = Release|Any CPU
		{87367FE7-D9D8-4B59-A5F9-832D10807CA7}.Release|x86.Build.0 = Release|Any CPU
		{9E83DB19-9662-4DF3-8DA4-FB6EFA6E42C7}.Debug|Any CPU.ActiveCfg = Debug|Any CPU
		{9E83DB19-9662-4DF3-8DA4-FB6EFA6E42C7}.Debug|Any CPU.Build.0 = Debug|Any CPU
		{9E83DB19-9662-4DF3-8DA4-FB6EFA6E42C7}.Debug|x64.ActiveCfg = Debug|Any CPU
		{9E83DB19-9662-4DF3-8DA4-FB6EFA6E42C7}.Debug|x64.Build.0 = Debug|Any CPU
		{9E83DB19-9662-4DF3-8DA4-FB6EFA6E42C7}.Debug|x86.ActiveCfg = Debug|Any CPU
		{9E83DB19-9662-4DF3-8DA4-FB6EFA6E42C7}.Debug|x86.Build.0 = Debug|Any CPU
		{9E83DB19-9662-4DF3-8DA4-FB6EFA6E42C7}.Release|Any CPU.ActiveCfg = Release|Any CPU
		{9E83DB19-9662-4DF3-8DA4-FB6EFA6E42C7}.Release|Any CPU.Build.0 = Release|Any CPU
		{9E83DB19-9662-4DF3-8DA4-FB6EFA6E42C7}.Release|x64.ActiveCfg = Release|Any CPU
		{9E83DB19-9662-4DF3-8DA4-FB6EFA6E42C7}.Release|x64.Build.0 = Release|Any CPU
		{9E83DB19-9662-4DF3-8DA4-FB6EFA6E42C7}.Release|x86.ActiveCfg = Release|Any CPU
		{9E83DB19-9662-4DF3-8DA4-FB6EFA6E42C7}.Release|x86.Build.0 = Release|Any CPU
		{3BBE5AE1-BA98-4E8B-BEF5-49C3F4934906}.Debug|Any CPU.ActiveCfg = Debug|Any CPU
		{3BBE5AE1-BA98-4E8B-BEF5-49C3F4934906}.Debug|Any CPU.Build.0 = Debug|Any CPU
		{3BBE5AE1-BA98-4E8B-BEF5-49C3F4934906}.Debug|x64.ActiveCfg = Debug|Any CPU
		{3BBE5AE1-BA98-4E8B-BEF5-49C3F4934906}.Debug|x64.Build.0 = Debug|Any CPU
		{3BBE5AE1-BA98-4E8B-BEF5-49C3F4934906}.Debug|x86.ActiveCfg = Debug|Any CPU
		{3BBE5AE1-BA98-4E8B-BEF5-49C3F4934906}.Debug|x86.Build.0 = Debug|Any CPU
		{3BBE5AE1-BA98-4E8B-BEF5-49C3F4934906}.Release|Any CPU.ActiveCfg = Release|Any CPU
		{3BBE5AE1-BA98-4E8B-BEF5-49C3F4934906}.Release|Any CPU.Build.0 = Release|Any CPU
		{3BBE5AE1-BA98-4E8B-BEF5-49C3F4934906}.Release|x64.ActiveCfg = Release|Any CPU
		{3BBE5AE1-BA98-4E8B-BEF5-49C3F4934906}.Release|x64.Build.0 = Release|Any CPU
		{3BBE5AE1-BA98-4E8B-BEF5-49C3F4934906}.Release|x86.ActiveCfg = Release|Any CPU
		{3BBE5AE1-BA98-4E8B-BEF5-49C3F4934906}.Release|x86.Build.0 = Release|Any CPU
		{E26C1656-882D-4CE2-9ABA-3DD1958E7A27}.Debug|Any CPU.ActiveCfg = Debug|Any CPU
		{E26C1656-882D-4CE2-9ABA-3DD1958E7A27}.Debug|Any CPU.Build.0 = Debug|Any CPU
		{E26C1656-882D-4CE2-9ABA-3DD1958E7A27}.Debug|x64.ActiveCfg = Debug|Any CPU
		{E26C1656-882D-4CE2-9ABA-3DD1958E7A27}.Debug|x64.Build.0 = Debug|Any CPU
		{E26C1656-882D-4CE2-9ABA-3DD1958E7A27}.Debug|x86.ActiveCfg = Debug|Any CPU
		{E26C1656-882D-4CE2-9ABA-3DD1958E7A27}.Debug|x86.Build.0 = Debug|Any CPU
		{E26C1656-882D-4CE2-9ABA-3DD1958E7A27}.Release|Any CPU.ActiveCfg = Release|Any CPU
		{E26C1656-882D-4CE2-9ABA-3DD1958E7A27}.Release|Any CPU.Build.0 = Release|Any CPU
		{E26C1656-882D-4CE2-9ABA-3DD1958E7A27}.Release|x64.ActiveCfg = Release|Any CPU
		{E26C1656-882D-4CE2-9ABA-3DD1958E7A27}.Release|x64.Build.0 = Release|Any CPU
		{E26C1656-882D-4CE2-9ABA-3DD1958E7A27}.Release|x86.ActiveCfg = Release|Any CPU
		{E26C1656-882D-4CE2-9ABA-3DD1958E7A27}.Release|x86.Build.0 = Release|Any CPU
		{06AB0451-859D-4C0C-A9DE-3576A79BD3B2}.Debug|Any CPU.ActiveCfg = Debug|Any CPU
		{06AB0451-859D-4C0C-A9DE-3576A79BD3B2}.Debug|Any CPU.Build.0 = Debug|Any CPU
		{06AB0451-859D-4C0C-A9DE-3576A79BD3B2}.Debug|x64.ActiveCfg = Debug|Any CPU
		{06AB0451-859D-4C0C-A9DE-3576A79BD3B2}.Debug|x64.Build.0 = Debug|Any CPU
		{06AB0451-859D-4C0C-A9DE-3576A79BD3B2}.Debug|x86.ActiveCfg = Debug|Any CPU
		{06AB0451-859D-4C0C-A9DE-3576A79BD3B2}.Debug|x86.Build.0 = Debug|Any CPU
		{06AB0451-859D-4C0C-A9DE-3576A79BD3B2}.Release|Any CPU.ActiveCfg = Release|Any CPU
		{06AB0451-859D-4C0C-A9DE-3576A79BD3B2}.Release|Any CPU.Build.0 = Release|Any CPU
		{06AB0451-859D-4C0C-A9DE-3576A79BD3B2}.Release|x64.ActiveCfg = Release|Any CPU
		{06AB0451-859D-4C0C-A9DE-3576A79BD3B2}.Release|x64.Build.0 = Release|Any CPU
		{06AB0451-859D-4C0C-A9DE-3576A79BD3B2}.Release|x86.ActiveCfg = Release|Any CPU
		{06AB0451-859D-4C0C-A9DE-3576A79BD3B2}.Release|x86.Build.0 = Release|Any CPU
		{8B112466-50B8-451E-A230-29F055D0B0A6}.Debug|Any CPU.ActiveCfg = Debug|Any CPU
		{8B112466-50B8-451E-A230-29F055D0B0A6}.Debug|Any CPU.Build.0 = Debug|Any CPU
		{8B112466-50B8-451E-A230-29F055D0B0A6}.Debug|x64.ActiveCfg = Debug|Any CPU
		{8B112466-50B8-451E-A230-29F055D0B0A6}.Debug|x64.Build.0 = Debug|Any CPU
		{8B112466-50B8-451E-A230-29F055D0B0A6}.Debug|x86.ActiveCfg = Debug|Any CPU
		{8B112466-50B8-451E-A230-29F055D0B0A6}.Debug|x86.Build.0 = Debug|Any CPU
		{8B112466-50B8-451E-A230-29F055D0B0A6}.Release|Any CPU.ActiveCfg = Release|Any CPU
		{8B112466-50B8-451E-A230-29F055D0B0A6}.Release|Any CPU.Build.0 = Release|Any CPU
		{8B112466-50B8-451E-A230-29F055D0B0A6}.Release|x64.ActiveCfg = Release|Any CPU
		{8B112466-50B8-451E-A230-29F055D0B0A6}.Release|x64.Build.0 = Release|Any CPU
		{8B112466-50B8-451E-A230-29F055D0B0A6}.Release|x86.ActiveCfg = Release|Any CPU
		{8B112466-50B8-451E-A230-29F055D0B0A6}.Release|x86.Build.0 = Release|Any CPU
		{3971B32C-8731-449E-8E41-66D57DE6E2EB}.Debug|Any CPU.ActiveCfg = Debug|Any CPU
		{3971B32C-8731-449E-8E41-66D57DE6E2EB}.Debug|Any CPU.Build.0 = Debug|Any CPU
		{3971B32C-8731-449E-8E41-66D57DE6E2EB}.Debug|x64.ActiveCfg = Debug|Any CPU
		{3971B32C-8731-449E-8E41-66D57DE6E2EB}.Debug|x64.Build.0 = Debug|Any CPU
		{3971B32C-8731-449E-8E41-66D57DE6E2EB}.Debug|x86.ActiveCfg = Debug|Any CPU
		{3971B32C-8731-449E-8E41-66D57DE6E2EB}.Debug|x86.Build.0 = Debug|Any CPU
		{3971B32C-8731-449E-8E41-66D57DE6E2EB}.Release|Any CPU.ActiveCfg = Release|Any CPU
		{3971B32C-8731-449E-8E41-66D57DE6E2EB}.Release|Any CPU.Build.0 = Release|Any CPU
		{3971B32C-8731-449E-8E41-66D57DE6E2EB}.Release|x64.ActiveCfg = Release|Any CPU
		{3971B32C-8731-449E-8E41-66D57DE6E2EB}.Release|x64.Build.0 = Release|Any CPU
		{3971B32C-8731-449E-8E41-66D57DE6E2EB}.Release|x86.ActiveCfg = Release|Any CPU
		{3971B32C-8731-449E-8E41-66D57DE6E2EB}.Release|x86.Build.0 = Release|Any CPU
		{97EDF1F5-D034-4F6A-B8F4-CBB15A2FB441}.Debug|Any CPU.ActiveCfg = Debug|Any CPU
		{97EDF1F5-D034-4F6A-B8F4-CBB15A2FB441}.Debug|Any CPU.Build.0 = Debug|Any CPU
		{97EDF1F5-D034-4F6A-B8F4-CBB15A2FB441}.Debug|x64.ActiveCfg = Debug|Any CPU
		{97EDF1F5-D034-4F6A-B8F4-CBB15A2FB441}.Debug|x64.Build.0 = Debug|Any CPU
		{97EDF1F5-D034-4F6A-B8F4-CBB15A2FB441}.Debug|x86.ActiveCfg = Debug|Any CPU
		{97EDF1F5-D034-4F6A-B8F4-CBB15A2FB441}.Debug|x86.Build.0 = Debug|Any CPU
		{97EDF1F5-D034-4F6A-B8F4-CBB15A2FB441}.Release|Any CPU.ActiveCfg = Release|Any CPU
		{97EDF1F5-D034-4F6A-B8F4-CBB15A2FB441}.Release|Any CPU.Build.0 = Release|Any CPU
		{97EDF1F5-D034-4F6A-B8F4-CBB15A2FB441}.Release|x64.ActiveCfg = Release|Any CPU
		{97EDF1F5-D034-4F6A-B8F4-CBB15A2FB441}.Release|x64.Build.0 = Release|Any CPU
		{97EDF1F5-D034-4F6A-B8F4-CBB15A2FB441}.Release|x86.ActiveCfg = Release|Any CPU
		{97EDF1F5-D034-4F6A-B8F4-CBB15A2FB441}.Release|x86.Build.0 = Release|Any CPU
		{05F9A5CB-730B-46ED-B88B-F6E700EFCB94}.Debug|Any CPU.ActiveCfg = Debug|Any CPU
		{05F9A5CB-730B-46ED-B88B-F6E700EFCB94}.Debug|Any CPU.Build.0 = Debug|Any CPU
		{05F9A5CB-730B-46ED-B88B-F6E700EFCB94}.Debug|x64.ActiveCfg = Debug|Any CPU
		{05F9A5CB-730B-46ED-B88B-F6E700EFCB94}.Debug|x64.Build.0 = Debug|Any CPU
		{05F9A5CB-730B-46ED-B88B-F6E700EFCB94}.Debug|x86.ActiveCfg = Debug|Any CPU
		{05F9A5CB-730B-46ED-B88B-F6E700EFCB94}.Debug|x86.Build.0 = Debug|Any CPU
		{05F9A5CB-730B-46ED-B88B-F6E700EFCB94}.Release|Any CPU.ActiveCfg = Release|Any CPU
		{05F9A5CB-730B-46ED-B88B-F6E700EFCB94}.Release|Any CPU.Build.0 = Release|Any CPU
		{05F9A5CB-730B-46ED-B88B-F6E700EFCB94}.Release|x64.ActiveCfg = Release|Any CPU
		{05F9A5CB-730B-46ED-B88B-F6E700EFCB94}.Release|x64.Build.0 = Release|Any CPU
		{05F9A5CB-730B-46ED-B88B-F6E700EFCB94}.Release|x86.ActiveCfg = Release|Any CPU
		{05F9A5CB-730B-46ED-B88B-F6E700EFCB94}.Release|x86.Build.0 = Release|Any CPU
		{B0E0D244-495B-4B67-BCD0-C2F0834D2B26}.Debug|Any CPU.ActiveCfg = Debug|Any CPU
		{B0E0D244-495B-4B67-BCD0-C2F0834D2B26}.Debug|Any CPU.Build.0 = Debug|Any CPU
		{B0E0D244-495B-4B67-BCD0-C2F0834D2B26}.Debug|x64.ActiveCfg = Debug|Any CPU
		{B0E0D244-495B-4B67-BCD0-C2F0834D2B26}.Debug|x64.Build.0 = Debug|Any CPU
		{B0E0D244-495B-4B67-BCD0-C2F0834D2B26}.Debug|x86.ActiveCfg = Debug|Any CPU
		{B0E0D244-495B-4B67-BCD0-C2F0834D2B26}.Debug|x86.Build.0 = Debug|Any CPU
		{B0E0D244-495B-4B67-BCD0-C2F0834D2B26}.Release|Any CPU.ActiveCfg = Release|Any CPU
		{B0E0D244-495B-4B67-BCD0-C2F0834D2B26}.Release|Any CPU.Build.0 = Release|Any CPU
		{B0E0D244-495B-4B67-BCD0-C2F0834D2B26}.Release|x64.ActiveCfg = Release|Any CPU
		{B0E0D244-495B-4B67-BCD0-C2F0834D2B26}.Release|x64.Build.0 = Release|Any CPU
		{B0E0D244-495B-4B67-BCD0-C2F0834D2B26}.Release|x86.ActiveCfg = Release|Any CPU
		{B0E0D244-495B-4B67-BCD0-C2F0834D2B26}.Release|x86.Build.0 = Release|Any CPU
		{8E9D45A7-E091-4A05-818F-99961D6786D1}.Debug|Any CPU.ActiveCfg = Debug|Any CPU
		{8E9D45A7-E091-4A05-818F-99961D6786D1}.Debug|Any CPU.Build.0 = Debug|Any CPU
		{8E9D45A7-E091-4A05-818F-99961D6786D1}.Debug|x64.ActiveCfg = Debug|Any CPU
		{8E9D45A7-E091-4A05-818F-99961D6786D1}.Debug|x64.Build.0 = Debug|Any CPU
		{8E9D45A7-E091-4A05-818F-99961D6786D1}.Debug|x86.ActiveCfg = Debug|Any CPU
		{8E9D45A7-E091-4A05-818F-99961D6786D1}.Debug|x86.Build.0 = Debug|Any CPU
		{8E9D45A7-E091-4A05-818F-99961D6786D1}.Release|Any CPU.ActiveCfg = Release|Any CPU
		{8E9D45A7-E091-4A05-818F-99961D6786D1}.Release|Any CPU.Build.0 = Release|Any CPU
		{8E9D45A7-E091-4A05-818F-99961D6786D1}.Release|x64.ActiveCfg = Release|Any CPU
		{8E9D45A7-E091-4A05-818F-99961D6786D1}.Release|x64.Build.0 = Release|Any CPU
		{8E9D45A7-E091-4A05-818F-99961D6786D1}.Release|x86.ActiveCfg = Release|Any CPU
		{8E9D45A7-E091-4A05-818F-99961D6786D1}.Release|x86.Build.0 = Release|Any CPU
		{3D6777E9-17EE-4698-B8C1-1EFCEB3EB75F}.Debug|Any CPU.ActiveCfg = Debug|Any CPU
		{3D6777E9-17EE-4698-B8C1-1EFCEB3EB75F}.Debug|Any CPU.Build.0 = Debug|Any CPU
		{3D6777E9-17EE-4698-B8C1-1EFCEB3EB75F}.Debug|x64.ActiveCfg = Debug|Any CPU
		{3D6777E9-17EE-4698-B8C1-1EFCEB3EB75F}.Debug|x64.Build.0 = Debug|Any CPU
		{3D6777E9-17EE-4698-B8C1-1EFCEB3EB75F}.Debug|x86.ActiveCfg = Debug|Any CPU
		{3D6777E9-17EE-4698-B8C1-1EFCEB3EB75F}.Debug|x86.Build.0 = Debug|Any CPU
		{3D6777E9-17EE-4698-B8C1-1EFCEB3EB75F}.Release|Any CPU.ActiveCfg = Release|Any CPU
		{3D6777E9-17EE-4698-B8C1-1EFCEB3EB75F}.Release|Any CPU.Build.0 = Release|Any CPU
		{3D6777E9-17EE-4698-B8C1-1EFCEB3EB75F}.Release|x64.ActiveCfg = Release|Any CPU
		{3D6777E9-17EE-4698-B8C1-1EFCEB3EB75F}.Release|x64.Build.0 = Release|Any CPU
		{3D6777E9-17EE-4698-B8C1-1EFCEB3EB75F}.Release|x86.ActiveCfg = Release|Any CPU
		{3D6777E9-17EE-4698-B8C1-1EFCEB3EB75F}.Release|x86.Build.0 = Release|Any CPU
		{B47BBEAF-F27C-4D2C-B717-910EEBCA0CF8}.Debug|Any CPU.ActiveCfg = Debug|Any CPU
		{B47BBEAF-F27C-4D2C-B717-910EEBCA0CF8}.Debug|Any CPU.Build.0 = Debug|Any CPU
		{B47BBEAF-F27C-4D2C-B717-910EEBCA0CF8}.Debug|x64.ActiveCfg = Debug|Any CPU
		{B47BBEAF-F27C-4D2C-B717-910EEBCA0CF8}.Debug|x64.Build.0 = Debug|Any CPU
		{B47BBEAF-F27C-4D2C-B717-910EEBCA0CF8}.Debug|x86.ActiveCfg = Debug|Any CPU
		{B47BBEAF-F27C-4D2C-B717-910EEBCA0CF8}.Debug|x86.Build.0 = Debug|Any CPU
		{B47BBEAF-F27C-4D2C-B717-910EEBCA0CF8}.Release|Any CPU.ActiveCfg = Release|Any CPU
		{B47BBEAF-F27C-4D2C-B717-910EEBCA0CF8}.Release|Any CPU.Build.0 = Release|Any CPU
		{B47BBEAF-F27C-4D2C-B717-910EEBCA0CF8}.Release|x64.ActiveCfg = Release|Any CPU
		{B47BBEAF-F27C-4D2C-B717-910EEBCA0CF8}.Release|x64.Build.0 = Release|Any CPU
		{B47BBEAF-F27C-4D2C-B717-910EEBCA0CF8}.Release|x86.ActiveCfg = Release|Any CPU
		{B47BBEAF-F27C-4D2C-B717-910EEBCA0CF8}.Release|x86.Build.0 = Release|Any CPU
		{985043C8-367D-4852-9F84-6808A03DAA03}.Debug|Any CPU.ActiveCfg = Debug|Any CPU
		{985043C8-367D-4852-9F84-6808A03DAA03}.Debug|Any CPU.Build.0 = Debug|Any CPU
		{985043C8-367D-4852-9F84-6808A03DAA03}.Debug|x64.ActiveCfg = Debug|Any CPU
		{985043C8-367D-4852-9F84-6808A03DAA03}.Debug|x64.Build.0 = Debug|Any CPU
		{985043C8-367D-4852-9F84-6808A03DAA03}.Debug|x86.ActiveCfg = Debug|Any CPU
		{985043C8-367D-4852-9F84-6808A03DAA03}.Debug|x86.Build.0 = Debug|Any CPU
		{985043C8-367D-4852-9F84-6808A03DAA03}.Release|Any CPU.ActiveCfg = Release|Any CPU
		{985043C8-367D-4852-9F84-6808A03DAA03}.Release|Any CPU.Build.0 = Release|Any CPU
		{985043C8-367D-4852-9F84-6808A03DAA03}.Release|x64.ActiveCfg = Release|Any CPU
		{985043C8-367D-4852-9F84-6808A03DAA03}.Release|x64.Build.0 = Release|Any CPU
		{985043C8-367D-4852-9F84-6808A03DAA03}.Release|x86.ActiveCfg = Release|Any CPU
		{985043C8-367D-4852-9F84-6808A03DAA03}.Release|x86.Build.0 = Release|Any CPU
		{042454A9-477F-40C4-90CF-00C65A73BCC5}.Debug|Any CPU.ActiveCfg = Debug|Any CPU
		{042454A9-477F-40C4-90CF-00C65A73BCC5}.Debug|Any CPU.Build.0 = Debug|Any CPU
		{042454A9-477F-40C4-90CF-00C65A73BCC5}.Debug|x64.ActiveCfg = Debug|Any CPU
		{042454A9-477F-40C4-90CF-00C65A73BCC5}.Debug|x64.Build.0 = Debug|Any CPU
		{042454A9-477F-40C4-90CF-00C65A73BCC5}.Debug|x86.ActiveCfg = Debug|Any CPU
		{042454A9-477F-40C4-90CF-00C65A73BCC5}.Debug|x86.Build.0 = Debug|Any CPU
		{042454A9-477F-40C4-90CF-00C65A73BCC5}.Release|Any CPU.ActiveCfg = Release|Any CPU
		{042454A9-477F-40C4-90CF-00C65A73BCC5}.Release|Any CPU.Build.0 = Release|Any CPU
		{042454A9-477F-40C4-90CF-00C65A73BCC5}.Release|x64.ActiveCfg = Release|Any CPU
		{042454A9-477F-40C4-90CF-00C65A73BCC5}.Release|x64.Build.0 = Release|Any CPU
		{042454A9-477F-40C4-90CF-00C65A73BCC5}.Release|x86.ActiveCfg = Release|Any CPU
		{042454A9-477F-40C4-90CF-00C65A73BCC5}.Release|x86.Build.0 = Release|Any CPU
		{E987DAAA-171F-41C3-88DB-9CCA88219DDF}.Debug|Any CPU.ActiveCfg = Debug|Any CPU
		{E987DAAA-171F-41C3-88DB-9CCA88219DDF}.Debug|Any CPU.Build.0 = Debug|Any CPU
		{E987DAAA-171F-41C3-88DB-9CCA88219DDF}.Debug|x64.ActiveCfg = Debug|Any CPU
		{E987DAAA-171F-41C3-88DB-9CCA88219DDF}.Debug|x64.Build.0 = Debug|Any CPU
		{E987DAAA-171F-41C3-88DB-9CCA88219DDF}.Debug|x86.ActiveCfg = Debug|Any CPU
		{E987DAAA-171F-41C3-88DB-9CCA88219DDF}.Debug|x86.Build.0 = Debug|Any CPU
		{E987DAAA-171F-41C3-88DB-9CCA88219DDF}.Release|Any CPU.ActiveCfg = Release|Any CPU
		{E987DAAA-171F-41C3-88DB-9CCA88219DDF}.Release|Any CPU.Build.0 = Release|Any CPU
		{E987DAAA-171F-41C3-88DB-9CCA88219DDF}.Release|x64.ActiveCfg = Release|Any CPU
		{E987DAAA-171F-41C3-88DB-9CCA88219DDF}.Release|x64.Build.0 = Release|Any CPU
		{E987DAAA-171F-41C3-88DB-9CCA88219DDF}.Release|x86.ActiveCfg = Release|Any CPU
		{E987DAAA-171F-41C3-88DB-9CCA88219DDF}.Release|x86.Build.0 = Release|Any CPU
		{83E4409C-252B-4FA0-9930-598C7B0E865A}.Debug|Any CPU.ActiveCfg = Debug|Any CPU
		{83E4409C-252B-4FA0-9930-598C7B0E865A}.Debug|Any CPU.Build.0 = Debug|Any CPU
		{83E4409C-252B-4FA0-9930-598C7B0E865A}.Debug|x64.ActiveCfg = Debug|Any CPU
		{83E4409C-252B-4FA0-9930-598C7B0E865A}.Debug|x64.Build.0 = Debug|Any CPU
		{83E4409C-252B-4FA0-9930-598C7B0E865A}.Debug|x86.ActiveCfg = Debug|Any CPU
		{83E4409C-252B-4FA0-9930-598C7B0E865A}.Debug|x86.Build.0 = Debug|Any CPU
		{83E4409C-252B-4FA0-9930-598C7B0E865A}.Release|Any CPU.ActiveCfg = Release|Any CPU
		{83E4409C-252B-4FA0-9930-598C7B0E865A}.Release|Any CPU.Build.0 = Release|Any CPU
		{83E4409C-252B-4FA0-9930-598C7B0E865A}.Release|x64.ActiveCfg = Release|Any CPU
		{83E4409C-252B-4FA0-9930-598C7B0E865A}.Release|x64.Build.0 = Release|Any CPU
		{83E4409C-252B-4FA0-9930-598C7B0E865A}.Release|x86.ActiveCfg = Release|Any CPU
		{83E4409C-252B-4FA0-9930-598C7B0E865A}.Release|x86.Build.0 = Release|Any CPU
		{F30E8DBF-231D-4134-A370-18748AA57556}.Debug|Any CPU.ActiveCfg = Debug|Any CPU
		{F30E8DBF-231D-4134-A370-18748AA57556}.Debug|Any CPU.Build.0 = Debug|Any CPU
		{F30E8DBF-231D-4134-A370-18748AA57556}.Debug|x64.ActiveCfg = Debug|Any CPU
		{F30E8DBF-231D-4134-A370-18748AA57556}.Debug|x64.Build.0 = Debug|Any CPU
		{F30E8DBF-231D-4134-A370-18748AA57556}.Debug|x86.ActiveCfg = Debug|Any CPU
		{F30E8DBF-231D-4134-A370-18748AA57556}.Debug|x86.Build.0 = Debug|Any CPU
		{F30E8DBF-231D-4134-A370-18748AA57556}.Release|Any CPU.ActiveCfg = Release|Any CPU
		{F30E8DBF-231D-4134-A370-18748AA57556}.Release|Any CPU.Build.0 = Release|Any CPU
		{F30E8DBF-231D-4134-A370-18748AA57556}.Release|x64.ActiveCfg = Release|Any CPU
		{F30E8DBF-231D-4134-A370-18748AA57556}.Release|x64.Build.0 = Release|Any CPU
		{F30E8DBF-231D-4134-A370-18748AA57556}.Release|x86.ActiveCfg = Release|Any CPU
		{F30E8DBF-231D-4134-A370-18748AA57556}.Release|x86.Build.0 = Release|Any CPU
		{91723A87-DD74-43FA-BB61-1E0484A170C8}.Debug|Any CPU.ActiveCfg = Debug|Any CPU
		{91723A87-DD74-43FA-BB61-1E0484A170C8}.Debug|Any CPU.Build.0 = Debug|Any CPU
		{91723A87-DD74-43FA-BB61-1E0484A170C8}.Debug|x64.ActiveCfg = Debug|Any CPU
		{91723A87-DD74-43FA-BB61-1E0484A170C8}.Debug|x64.Build.0 = Debug|Any CPU
		{91723A87-DD74-43FA-BB61-1E0484A170C8}.Debug|x86.ActiveCfg = Debug|Any CPU
		{91723A87-DD74-43FA-BB61-1E0484A170C8}.Debug|x86.Build.0 = Debug|Any CPU
		{91723A87-DD74-43FA-BB61-1E0484A170C8}.Release|Any CPU.ActiveCfg = Release|Any CPU
		{91723A87-DD74-43FA-BB61-1E0484A170C8}.Release|Any CPU.Build.0 = Release|Any CPU
		{91723A87-DD74-43FA-BB61-1E0484A170C8}.Release|x64.ActiveCfg = Release|Any CPU
		{91723A87-DD74-43FA-BB61-1E0484A170C8}.Release|x64.Build.0 = Release|Any CPU
		{91723A87-DD74-43FA-BB61-1E0484A170C8}.Release|x86.ActiveCfg = Release|Any CPU
		{91723A87-DD74-43FA-BB61-1E0484A170C8}.Release|x86.Build.0 = Release|Any CPU
		{6139A728-5495-4700-B174-B09F0B476A4E}.Debug|Any CPU.ActiveCfg = Debug|Any CPU
		{6139A728-5495-4700-B174-B09F0B476A4E}.Debug|Any CPU.Build.0 = Debug|Any CPU
		{6139A728-5495-4700-B174-B09F0B476A4E}.Debug|x64.ActiveCfg = Debug|Any CPU
		{6139A728-5495-4700-B174-B09F0B476A4E}.Debug|x64.Build.0 = Debug|Any CPU
		{6139A728-5495-4700-B174-B09F0B476A4E}.Debug|x86.ActiveCfg = Debug|Any CPU
		{6139A728-5495-4700-B174-B09F0B476A4E}.Debug|x86.Build.0 = Debug|Any CPU
		{6139A728-5495-4700-B174-B09F0B476A4E}.Release|Any CPU.ActiveCfg = Release|Any CPU
		{6139A728-5495-4700-B174-B09F0B476A4E}.Release|Any CPU.Build.0 = Release|Any CPU
		{6139A728-5495-4700-B174-B09F0B476A4E}.Release|x64.ActiveCfg = Release|Any CPU
		{6139A728-5495-4700-B174-B09F0B476A4E}.Release|x64.Build.0 = Release|Any CPU
		{6139A728-5495-4700-B174-B09F0B476A4E}.Release|x86.ActiveCfg = Release|Any CPU
		{6139A728-5495-4700-B174-B09F0B476A4E}.Release|x86.Build.0 = Release|Any CPU
		{9A4D7184-A8BE-4FA1-923A-FFE2E53F7633}.Debug|Any CPU.ActiveCfg = Debug|Any CPU
		{9A4D7184-A8BE-4FA1-923A-FFE2E53F7633}.Debug|Any CPU.Build.0 = Debug|Any CPU
		{9A4D7184-A8BE-4FA1-923A-FFE2E53F7633}.Debug|x64.ActiveCfg = Debug|Any CPU
		{9A4D7184-A8BE-4FA1-923A-FFE2E53F7633}.Debug|x64.Build.0 = Debug|Any CPU
		{9A4D7184-A8BE-4FA1-923A-FFE2E53F7633}.Debug|x86.ActiveCfg = Debug|Any CPU
		{9A4D7184-A8BE-4FA1-923A-FFE2E53F7633}.Debug|x86.Build.0 = Debug|Any CPU
		{9A4D7184-A8BE-4FA1-923A-FFE2E53F7633}.Release|Any CPU.ActiveCfg = Release|Any CPU
		{9A4D7184-A8BE-4FA1-923A-FFE2E53F7633}.Release|Any CPU.Build.0 = Release|Any CPU
		{9A4D7184-A8BE-4FA1-923A-FFE2E53F7633}.Release|x64.ActiveCfg = Release|Any CPU
		{9A4D7184-A8BE-4FA1-923A-FFE2E53F7633}.Release|x64.Build.0 = Release|Any CPU
		{9A4D7184-A8BE-4FA1-923A-FFE2E53F7633}.Release|x86.ActiveCfg = Release|Any CPU
		{9A4D7184-A8BE-4FA1-923A-FFE2E53F7633}.Release|x86.Build.0 = Release|Any CPU
		{13CA1105-1B14-442A-99E9-0DAEC6351FA3}.Debug|Any CPU.ActiveCfg = Debug|Any CPU
		{13CA1105-1B14-442A-99E9-0DAEC6351FA3}.Debug|Any CPU.Build.0 = Debug|Any CPU
		{13CA1105-1B14-442A-99E9-0DAEC6351FA3}.Debug|x64.ActiveCfg = Debug|Any CPU
		{13CA1105-1B14-442A-99E9-0DAEC6351FA3}.Debug|x64.Build.0 = Debug|Any CPU
		{13CA1105-1B14-442A-99E9-0DAEC6351FA3}.Debug|x86.ActiveCfg = Debug|Any CPU
		{13CA1105-1B14-442A-99E9-0DAEC6351FA3}.Debug|x86.Build.0 = Debug|Any CPU
		{13CA1105-1B14-442A-99E9-0DAEC6351FA3}.Release|Any CPU.ActiveCfg = Release|Any CPU
		{13CA1105-1B14-442A-99E9-0DAEC6351FA3}.Release|Any CPU.Build.0 = Release|Any CPU
		{13CA1105-1B14-442A-99E9-0DAEC6351FA3}.Release|x64.ActiveCfg = Release|Any CPU
		{13CA1105-1B14-442A-99E9-0DAEC6351FA3}.Release|x64.Build.0 = Release|Any CPU
		{13CA1105-1B14-442A-99E9-0DAEC6351FA3}.Release|x86.ActiveCfg = Release|Any CPU
		{13CA1105-1B14-442A-99E9-0DAEC6351FA3}.Release|x86.Build.0 = Release|Any CPU
		{FA3C1F68-F8F2-486C-A8D6-A90D178F9897}.Debug|Any CPU.ActiveCfg = Debug|Any CPU
		{FA3C1F68-F8F2-486C-A8D6-A90D178F9897}.Debug|Any CPU.Build.0 = Debug|Any CPU
		{FA3C1F68-F8F2-486C-A8D6-A90D178F9897}.Debug|x64.ActiveCfg = Debug|Any CPU
		{FA3C1F68-F8F2-486C-A8D6-A90D178F9897}.Debug|x64.Build.0 = Debug|Any CPU
		{FA3C1F68-F8F2-486C-A8D6-A90D178F9897}.Debug|x86.ActiveCfg = Debug|Any CPU
		{FA3C1F68-F8F2-486C-A8D6-A90D178F9897}.Debug|x86.Build.0 = Debug|Any CPU
		{FA3C1F68-F8F2-486C-A8D6-A90D178F9897}.Release|Any CPU.ActiveCfg = Release|Any CPU
		{FA3C1F68-F8F2-486C-A8D6-A90D178F9897}.Release|Any CPU.Build.0 = Release|Any CPU
		{FA3C1F68-F8F2-486C-A8D6-A90D178F9897}.Release|x64.ActiveCfg = Release|Any CPU
		{FA3C1F68-F8F2-486C-A8D6-A90D178F9897}.Release|x64.Build.0 = Release|Any CPU
		{FA3C1F68-F8F2-486C-A8D6-A90D178F9897}.Release|x86.ActiveCfg = Release|Any CPU
		{FA3C1F68-F8F2-486C-A8D6-A90D178F9897}.Release|x86.Build.0 = Release|Any CPU
		{19E60DEB-D70C-4DBF-AB59-72383345BB1B}.Debug|Any CPU.ActiveCfg = Debug|Any CPU
		{19E60DEB-D70C-4DBF-AB59-72383345BB1B}.Debug|Any CPU.Build.0 = Debug|Any CPU
		{19E60DEB-D70C-4DBF-AB59-72383345BB1B}.Debug|x64.ActiveCfg = Debug|Any CPU
		{19E60DEB-D70C-4DBF-AB59-72383345BB1B}.Debug|x64.Build.0 = Debug|Any CPU
		{19E60DEB-D70C-4DBF-AB59-72383345BB1B}.Debug|x86.ActiveCfg = Debug|Any CPU
		{19E60DEB-D70C-4DBF-AB59-72383345BB1B}.Debug|x86.Build.0 = Debug|Any CPU
		{19E60DEB-D70C-4DBF-AB59-72383345BB1B}.Release|Any CPU.ActiveCfg = Release|Any CPU
		{19E60DEB-D70C-4DBF-AB59-72383345BB1B}.Release|Any CPU.Build.0 = Release|Any CPU
		{19E60DEB-D70C-4DBF-AB59-72383345BB1B}.Release|x64.ActiveCfg = Release|Any CPU
		{19E60DEB-D70C-4DBF-AB59-72383345BB1B}.Release|x64.Build.0 = Release|Any CPU
		{19E60DEB-D70C-4DBF-AB59-72383345BB1B}.Release|x86.ActiveCfg = Release|Any CPU
		{19E60DEB-D70C-4DBF-AB59-72383345BB1B}.Release|x86.Build.0 = Release|Any CPU
		{09131F6F-6D7E-4FDA-AF1A-882FCEC52133}.Debug|Any CPU.ActiveCfg = Debug|Any CPU
		{09131F6F-6D7E-4FDA-AF1A-882FCEC52133}.Debug|Any CPU.Build.0 = Debug|Any CPU
		{09131F6F-6D7E-4FDA-AF1A-882FCEC52133}.Debug|x64.ActiveCfg = Debug|Any CPU
		{09131F6F-6D7E-4FDA-AF1A-882FCEC52133}.Debug|x64.Build.0 = Debug|Any CPU
		{09131F6F-6D7E-4FDA-AF1A-882FCEC52133}.Debug|x86.ActiveCfg = Debug|Any CPU
		{09131F6F-6D7E-4FDA-AF1A-882FCEC52133}.Debug|x86.Build.0 = Debug|Any CPU
		{09131F6F-6D7E-4FDA-AF1A-882FCEC52133}.Release|Any CPU.ActiveCfg = Release|Any CPU
		{09131F6F-6D7E-4FDA-AF1A-882FCEC52133}.Release|Any CPU.Build.0 = Release|Any CPU
		{09131F6F-6D7E-4FDA-AF1A-882FCEC52133}.Release|x64.ActiveCfg = Release|Any CPU
		{09131F6F-6D7E-4FDA-AF1A-882FCEC52133}.Release|x64.Build.0 = Release|Any CPU
		{09131F6F-6D7E-4FDA-AF1A-882FCEC52133}.Release|x86.ActiveCfg = Release|Any CPU
		{09131F6F-6D7E-4FDA-AF1A-882FCEC52133}.Release|x86.Build.0 = Release|Any CPU
		{EF55B9B2-CF17-4E25-98E4-7A69519320EB}.Debug|Any CPU.ActiveCfg = Debug|Any CPU
		{EF55B9B2-CF17-4E25-98E4-7A69519320EB}.Debug|Any CPU.Build.0 = Debug|Any CPU
		{EF55B9B2-CF17-4E25-98E4-7A69519320EB}.Debug|x64.ActiveCfg = Debug|Any CPU
		{EF55B9B2-CF17-4E25-98E4-7A69519320EB}.Debug|x64.Build.0 = Debug|Any CPU
		{EF55B9B2-CF17-4E25-98E4-7A69519320EB}.Debug|x86.ActiveCfg = Debug|Any CPU
		{EF55B9B2-CF17-4E25-98E4-7A69519320EB}.Debug|x86.Build.0 = Debug|Any CPU
		{EF55B9B2-CF17-4E25-98E4-7A69519320EB}.Release|Any CPU.ActiveCfg = Release|Any CPU
		{EF55B9B2-CF17-4E25-98E4-7A69519320EB}.Release|Any CPU.Build.0 = Release|Any CPU
		{EF55B9B2-CF17-4E25-98E4-7A69519320EB}.Release|x64.ActiveCfg = Release|Any CPU
		{EF55B9B2-CF17-4E25-98E4-7A69519320EB}.Release|x64.Build.0 = Release|Any CPU
		{EF55B9B2-CF17-4E25-98E4-7A69519320EB}.Release|x86.ActiveCfg = Release|Any CPU
		{EF55B9B2-CF17-4E25-98E4-7A69519320EB}.Release|x86.Build.0 = Release|Any CPU
		{A336D324-BE25-4258-960C-678CAAFD1BE8}.Debug|Any CPU.ActiveCfg = Debug|Any CPU
		{A336D324-BE25-4258-960C-678CAAFD1BE8}.Debug|Any CPU.Build.0 = Debug|Any CPU
		{A336D324-BE25-4258-960C-678CAAFD1BE8}.Debug|x64.ActiveCfg = Debug|Any CPU
		{A336D324-BE25-4258-960C-678CAAFD1BE8}.Debug|x64.Build.0 = Debug|Any CPU
		{A336D324-BE25-4258-960C-678CAAFD1BE8}.Debug|x86.ActiveCfg = Debug|Any CPU
		{A336D324-BE25-4258-960C-678CAAFD1BE8}.Debug|x86.Build.0 = Debug|Any CPU
		{A336D324-BE25-4258-960C-678CAAFD1BE8}.Release|Any CPU.ActiveCfg = Release|Any CPU
		{A336D324-BE25-4258-960C-678CAAFD1BE8}.Release|Any CPU.Build.0 = Release|Any CPU
		{A336D324-BE25-4258-960C-678CAAFD1BE8}.Release|x64.ActiveCfg = Release|Any CPU
		{A336D324-BE25-4258-960C-678CAAFD1BE8}.Release|x64.Build.0 = Release|Any CPU
		{A336D324-BE25-4258-960C-678CAAFD1BE8}.Release|x86.ActiveCfg = Release|Any CPU
		{A336D324-BE25-4258-960C-678CAAFD1BE8}.Release|x86.Build.0 = Release|Any CPU
		{47CBC7CB-5CF8-42BA-8B23-6EA9E4B53327}.Debug|Any CPU.ActiveCfg = Debug|Any CPU
		{47CBC7CB-5CF8-42BA-8B23-6EA9E4B53327}.Debug|Any CPU.Build.0 = Debug|Any CPU
		{47CBC7CB-5CF8-42BA-8B23-6EA9E4B53327}.Debug|x64.ActiveCfg = Debug|Any CPU
		{47CBC7CB-5CF8-42BA-8B23-6EA9E4B53327}.Debug|x64.Build.0 = Debug|Any CPU
		{47CBC7CB-5CF8-42BA-8B23-6EA9E4B53327}.Debug|x86.ActiveCfg = Debug|Any CPU
		{47CBC7CB-5CF8-42BA-8B23-6EA9E4B53327}.Debug|x86.Build.0 = Debug|Any CPU
		{47CBC7CB-5CF8-42BA-8B23-6EA9E4B53327}.Release|Any CPU.ActiveCfg = Release|Any CPU
		{47CBC7CB-5CF8-42BA-8B23-6EA9E4B53327}.Release|Any CPU.Build.0 = Release|Any CPU
		{47CBC7CB-5CF8-42BA-8B23-6EA9E4B53327}.Release|x64.ActiveCfg = Release|Any CPU
		{47CBC7CB-5CF8-42BA-8B23-6EA9E4B53327}.Release|x64.Build.0 = Release|Any CPU
		{47CBC7CB-5CF8-42BA-8B23-6EA9E4B53327}.Release|x86.ActiveCfg = Release|Any CPU
		{47CBC7CB-5CF8-42BA-8B23-6EA9E4B53327}.Release|x86.Build.0 = Release|Any CPU
		{EC33D826-FFEC-4445-A6CB-2751F77BF660}.Debug|Any CPU.ActiveCfg = Debug|Any CPU
		{EC33D826-FFEC-4445-A6CB-2751F77BF660}.Debug|Any CPU.Build.0 = Debug|Any CPU
		{EC33D826-FFEC-4445-A6CB-2751F77BF660}.Debug|x64.ActiveCfg = Debug|Any CPU
		{EC33D826-FFEC-4445-A6CB-2751F77BF660}.Debug|x64.Build.0 = Debug|Any CPU
		{EC33D826-FFEC-4445-A6CB-2751F77BF660}.Debug|x86.ActiveCfg = Debug|Any CPU
		{EC33D826-FFEC-4445-A6CB-2751F77BF660}.Debug|x86.Build.0 = Debug|Any CPU
		{EC33D826-FFEC-4445-A6CB-2751F77BF660}.Release|Any CPU.ActiveCfg = Release|Any CPU
		{EC33D826-FFEC-4445-A6CB-2751F77BF660}.Release|Any CPU.Build.0 = Release|Any CPU
		{EC33D826-FFEC-4445-A6CB-2751F77BF660}.Release|x64.ActiveCfg = Release|Any CPU
		{EC33D826-FFEC-4445-A6CB-2751F77BF660}.Release|x64.Build.0 = Release|Any CPU
		{EC33D826-FFEC-4445-A6CB-2751F77BF660}.Release|x86.ActiveCfg = Release|Any CPU
		{EC33D826-FFEC-4445-A6CB-2751F77BF660}.Release|x86.Build.0 = Release|Any CPU
		{36D53BDB-41E7-44A0-A0F1-B08834582CF7}.Debug|Any CPU.ActiveCfg = Debug|Any CPU
		{36D53BDB-41E7-44A0-A0F1-B08834582CF7}.Debug|Any CPU.Build.0 = Debug|Any CPU
		{36D53BDB-41E7-44A0-A0F1-B08834582CF7}.Debug|x64.ActiveCfg = Debug|Any CPU
		{36D53BDB-41E7-44A0-A0F1-B08834582CF7}.Debug|x64.Build.0 = Debug|Any CPU
		{36D53BDB-41E7-44A0-A0F1-B08834582CF7}.Debug|x86.ActiveCfg = Debug|Any CPU
		{36D53BDB-41E7-44A0-A0F1-B08834582CF7}.Debug|x86.Build.0 = Debug|Any CPU
		{36D53BDB-41E7-44A0-A0F1-B08834582CF7}.Release|Any CPU.ActiveCfg = Release|Any CPU
		{36D53BDB-41E7-44A0-A0F1-B08834582CF7}.Release|Any CPU.Build.0 = Release|Any CPU
		{36D53BDB-41E7-44A0-A0F1-B08834582CF7}.Release|x64.ActiveCfg = Release|Any CPU
		{36D53BDB-41E7-44A0-A0F1-B08834582CF7}.Release|x64.Build.0 = Release|Any CPU
		{36D53BDB-41E7-44A0-A0F1-B08834582CF7}.Release|x86.ActiveCfg = Release|Any CPU
		{36D53BDB-41E7-44A0-A0F1-B08834582CF7}.Release|x86.Build.0 = Release|Any CPU
		{FC5336F2-B2D0-4CC1-8E0F-6914B2AAAFD0}.Debug|Any CPU.ActiveCfg = Debug|Any CPU
		{FC5336F2-B2D0-4CC1-8E0F-6914B2AAAFD0}.Debug|Any CPU.Build.0 = Debug|Any CPU
		{FC5336F2-B2D0-4CC1-8E0F-6914B2AAAFD0}.Debug|x64.ActiveCfg = Debug|Any CPU
		{FC5336F2-B2D0-4CC1-8E0F-6914B2AAAFD0}.Debug|x64.Build.0 = Debug|Any CPU
		{FC5336F2-B2D0-4CC1-8E0F-6914B2AAAFD0}.Debug|x86.ActiveCfg = Debug|Any CPU
		{FC5336F2-B2D0-4CC1-8E0F-6914B2AAAFD0}.Debug|x86.Build.0 = Debug|Any CPU
		{FC5336F2-B2D0-4CC1-8E0F-6914B2AAAFD0}.Release|Any CPU.ActiveCfg = Release|Any CPU
		{FC5336F2-B2D0-4CC1-8E0F-6914B2AAAFD0}.Release|Any CPU.Build.0 = Release|Any CPU
		{FC5336F2-B2D0-4CC1-8E0F-6914B2AAAFD0}.Release|x64.ActiveCfg = Release|Any CPU
		{FC5336F2-B2D0-4CC1-8E0F-6914B2AAAFD0}.Release|x64.Build.0 = Release|Any CPU
		{FC5336F2-B2D0-4CC1-8E0F-6914B2AAAFD0}.Release|x86.ActiveCfg = Release|Any CPU
		{FC5336F2-B2D0-4CC1-8E0F-6914B2AAAFD0}.Release|x86.Build.0 = Release|Any CPU
		{E8E84A88-A5CC-4D8E-A8BC-B86C5840C881}.Debug|Any CPU.ActiveCfg = Debug|Any CPU
		{E8E84A88-A5CC-4D8E-A8BC-B86C5840C881}.Debug|Any CPU.Build.0 = Debug|Any CPU
		{E8E84A88-A5CC-4D8E-A8BC-B86C5840C881}.Debug|x64.ActiveCfg = Debug|Any CPU
		{E8E84A88-A5CC-4D8E-A8BC-B86C5840C881}.Debug|x64.Build.0 = Debug|Any CPU
		{E8E84A88-A5CC-4D8E-A8BC-B86C5840C881}.Debug|x86.ActiveCfg = Debug|Any CPU
		{E8E84A88-A5CC-4D8E-A8BC-B86C5840C881}.Debug|x86.Build.0 = Debug|Any CPU
		{E8E84A88-A5CC-4D8E-A8BC-B86C5840C881}.Release|Any CPU.ActiveCfg = Release|Any CPU
		{E8E84A88-A5CC-4D8E-A8BC-B86C5840C881}.Release|Any CPU.Build.0 = Release|Any CPU
		{E8E84A88-A5CC-4D8E-A8BC-B86C5840C881}.Release|x64.ActiveCfg = Release|Any CPU
		{E8E84A88-A5CC-4D8E-A8BC-B86C5840C881}.Release|x64.Build.0 = Release|Any CPU
		{E8E84A88-A5CC-4D8E-A8BC-B86C5840C881}.Release|x86.ActiveCfg = Release|Any CPU
		{E8E84A88-A5CC-4D8E-A8BC-B86C5840C881}.Release|x86.Build.0 = Release|Any CPU
		{CE7E1694-B439-4E63-8754-595713A99CC8}.Debug|Any CPU.ActiveCfg = Debug|Any CPU
		{CE7E1694-B439-4E63-8754-595713A99CC8}.Debug|Any CPU.Build.0 = Debug|Any CPU
		{CE7E1694-B439-4E63-8754-595713A99CC8}.Debug|x64.ActiveCfg = Debug|Any CPU
		{CE7E1694-B439-4E63-8754-595713A99CC8}.Debug|x64.Build.0 = Debug|Any CPU
		{CE7E1694-B439-4E63-8754-595713A99CC8}.Debug|x86.ActiveCfg = Debug|Any CPU
		{CE7E1694-B439-4E63-8754-595713A99CC8}.Debug|x86.Build.0 = Debug|Any CPU
		{CE7E1694-B439-4E63-8754-595713A99CC8}.Release|Any CPU.ActiveCfg = Release|Any CPU
		{CE7E1694-B439-4E63-8754-595713A99CC8}.Release|Any CPU.Build.0 = Release|Any CPU
		{CE7E1694-B439-4E63-8754-595713A99CC8}.Release|x64.ActiveCfg = Release|Any CPU
		{CE7E1694-B439-4E63-8754-595713A99CC8}.Release|x64.Build.0 = Release|Any CPU
		{CE7E1694-B439-4E63-8754-595713A99CC8}.Release|x86.ActiveCfg = Release|Any CPU
		{CE7E1694-B439-4E63-8754-595713A99CC8}.Release|x86.Build.0 = Release|Any CPU
		{5636F7BF-D36E-4193-B1D6-D9BF96B164F8}.Debug|Any CPU.ActiveCfg = Debug|Any CPU
		{5636F7BF-D36E-4193-B1D6-D9BF96B164F8}.Debug|Any CPU.Build.0 = Debug|Any CPU
		{5636F7BF-D36E-4193-B1D6-D9BF96B164F8}.Debug|x64.ActiveCfg = Debug|Any CPU
		{5636F7BF-D36E-4193-B1D6-D9BF96B164F8}.Debug|x64.Build.0 = Debug|Any CPU
		{5636F7BF-D36E-4193-B1D6-D9BF96B164F8}.Debug|x86.ActiveCfg = Debug|Any CPU
		{5636F7BF-D36E-4193-B1D6-D9BF96B164F8}.Debug|x86.Build.0 = Debug|Any CPU
		{5636F7BF-D36E-4193-B1D6-D9BF96B164F8}.Release|Any CPU.ActiveCfg = Release|Any CPU
		{5636F7BF-D36E-4193-B1D6-D9BF96B164F8}.Release|Any CPU.Build.0 = Release|Any CPU
		{5636F7BF-D36E-4193-B1D6-D9BF96B164F8}.Release|x64.ActiveCfg = Release|Any CPU
		{5636F7BF-D36E-4193-B1D6-D9BF96B164F8}.Release|x64.Build.0 = Release|Any CPU
		{5636F7BF-D36E-4193-B1D6-D9BF96B164F8}.Release|x86.ActiveCfg = Release|Any CPU
		{5636F7BF-D36E-4193-B1D6-D9BF96B164F8}.Release|x86.Build.0 = Release|Any CPU
		{3F3EB169-BF2C-4E9F-B104-AA19930BF168}.Debug|Any CPU.ActiveCfg = Debug|Any CPU
		{3F3EB169-BF2C-4E9F-B104-AA19930BF168}.Debug|Any CPU.Build.0 = Debug|Any CPU
		{3F3EB169-BF2C-4E9F-B104-AA19930BF168}.Debug|x64.ActiveCfg = Debug|Any CPU
		{3F3EB169-BF2C-4E9F-B104-AA19930BF168}.Debug|x64.Build.0 = Debug|Any CPU
		{3F3EB169-BF2C-4E9F-B104-AA19930BF168}.Debug|x86.ActiveCfg = Debug|Any CPU
		{3F3EB169-BF2C-4E9F-B104-AA19930BF168}.Debug|x86.Build.0 = Debug|Any CPU
		{3F3EB169-BF2C-4E9F-B104-AA19930BF168}.Release|Any CPU.ActiveCfg = Release|Any CPU
		{3F3EB169-BF2C-4E9F-B104-AA19930BF168}.Release|Any CPU.Build.0 = Release|Any CPU
		{3F3EB169-BF2C-4E9F-B104-AA19930BF168}.Release|x64.ActiveCfg = Release|Any CPU
		{3F3EB169-BF2C-4E9F-B104-AA19930BF168}.Release|x64.Build.0 = Release|Any CPU
		{3F3EB169-BF2C-4E9F-B104-AA19930BF168}.Release|x86.ActiveCfg = Release|Any CPU
		{3F3EB169-BF2C-4E9F-B104-AA19930BF168}.Release|x86.Build.0 = Release|Any CPU
		{EA339BD1-9125-463E-9D42-F733BB4DCC23}.Debug|Any CPU.ActiveCfg = Debug|Any CPU
		{EA339BD1-9125-463E-9D42-F733BB4DCC23}.Debug|Any CPU.Build.0 = Debug|Any CPU
		{EA339BD1-9125-463E-9D42-F733BB4DCC23}.Debug|x64.ActiveCfg = Debug|Any CPU
		{EA339BD1-9125-463E-9D42-F733BB4DCC23}.Debug|x64.Build.0 = Debug|Any CPU
		{EA339BD1-9125-463E-9D42-F733BB4DCC23}.Debug|x86.ActiveCfg = Debug|Any CPU
		{EA339BD1-9125-463E-9D42-F733BB4DCC23}.Debug|x86.Build.0 = Debug|Any CPU
		{EA339BD1-9125-463E-9D42-F733BB4DCC23}.Release|Any CPU.ActiveCfg = Release|Any CPU
		{EA339BD1-9125-463E-9D42-F733BB4DCC23}.Release|Any CPU.Build.0 = Release|Any CPU
		{EA339BD1-9125-463E-9D42-F733BB4DCC23}.Release|x64.ActiveCfg = Release|Any CPU
		{EA339BD1-9125-463E-9D42-F733BB4DCC23}.Release|x64.Build.0 = Release|Any CPU
		{EA339BD1-9125-463E-9D42-F733BB4DCC23}.Release|x86.ActiveCfg = Release|Any CPU
		{EA339BD1-9125-463E-9D42-F733BB4DCC23}.Release|x86.Build.0 = Release|Any CPU
		{B19182A8-0981-466F-86DD-D2D0D9A141AD}.Debug|Any CPU.ActiveCfg = Debug|Any CPU
		{B19182A8-0981-466F-86DD-D2D0D9A141AD}.Debug|Any CPU.Build.0 = Debug|Any CPU
		{B19182A8-0981-466F-86DD-D2D0D9A141AD}.Debug|x64.ActiveCfg = Debug|Any CPU
		{B19182A8-0981-466F-86DD-D2D0D9A141AD}.Debug|x64.Build.0 = Debug|Any CPU
		{B19182A8-0981-466F-86DD-D2D0D9A141AD}.Debug|x86.ActiveCfg = Debug|Any CPU
		{B19182A8-0981-466F-86DD-D2D0D9A141AD}.Debug|x86.Build.0 = Debug|Any CPU
		{B19182A8-0981-466F-86DD-D2D0D9A141AD}.Release|Any CPU.ActiveCfg = Release|Any CPU
		{B19182A8-0981-466F-86DD-D2D0D9A141AD}.Release|Any CPU.Build.0 = Release|Any CPU
		{B19182A8-0981-466F-86DD-D2D0D9A141AD}.Release|x64.ActiveCfg = Release|Any CPU
		{B19182A8-0981-466F-86DD-D2D0D9A141AD}.Release|x64.Build.0 = Release|Any CPU
		{B19182A8-0981-466F-86DD-D2D0D9A141AD}.Release|x86.ActiveCfg = Release|Any CPU
		{B19182A8-0981-466F-86DD-D2D0D9A141AD}.Release|x86.Build.0 = Release|Any CPU
		{B0F12618-BB94-406E-B564-A33C21524D56}.Debug|Any CPU.ActiveCfg = Debug|Any CPU
		{B0F12618-BB94-406E-B564-A33C21524D56}.Debug|Any CPU.Build.0 = Debug|Any CPU
		{B0F12618-BB94-406E-B564-A33C21524D56}.Debug|x64.ActiveCfg = Debug|Any CPU
		{B0F12618-BB94-406E-B564-A33C21524D56}.Debug|x64.Build.0 = Debug|Any CPU
		{B0F12618-BB94-406E-B564-A33C21524D56}.Debug|x86.ActiveCfg = Debug|Any CPU
		{B0F12618-BB94-406E-B564-A33C21524D56}.Debug|x86.Build.0 = Debug|Any CPU
		{B0F12618-BB94-406E-B564-A33C21524D56}.Release|Any CPU.ActiveCfg = Release|Any CPU
		{B0F12618-BB94-406E-B564-A33C21524D56}.Release|Any CPU.Build.0 = Release|Any CPU
		{B0F12618-BB94-406E-B564-A33C21524D56}.Release|x64.ActiveCfg = Release|Any CPU
		{B0F12618-BB94-406E-B564-A33C21524D56}.Release|x64.Build.0 = Release|Any CPU
		{B0F12618-BB94-406E-B564-A33C21524D56}.Release|x86.ActiveCfg = Release|Any CPU
		{B0F12618-BB94-406E-B564-A33C21524D56}.Release|x86.Build.0 = Release|Any CPU
		{1C5CFFAF-82AC-49BF-BDAA-E94DEEDBFA58}.Debug|Any CPU.ActiveCfg = Debug|Any CPU
		{1C5CFFAF-82AC-49BF-BDAA-E94DEEDBFA58}.Debug|Any CPU.Build.0 = Debug|Any CPU
		{1C5CFFAF-82AC-49BF-BDAA-E94DEEDBFA58}.Debug|x64.ActiveCfg = Debug|Any CPU
		{1C5CFFAF-82AC-49BF-BDAA-E94DEEDBFA58}.Debug|x64.Build.0 = Debug|Any CPU
		{1C5CFFAF-82AC-49BF-BDAA-E94DEEDBFA58}.Debug|x86.ActiveCfg = Debug|Any CPU
		{1C5CFFAF-82AC-49BF-BDAA-E94DEEDBFA58}.Debug|x86.Build.0 = Debug|Any CPU
		{1C5CFFAF-82AC-49BF-BDAA-E94DEEDBFA58}.Release|Any CPU.ActiveCfg = Release|Any CPU
		{1C5CFFAF-82AC-49BF-BDAA-E94DEEDBFA58}.Release|Any CPU.Build.0 = Release|Any CPU
		{1C5CFFAF-82AC-49BF-BDAA-E94DEEDBFA58}.Release|x64.ActiveCfg = Release|Any CPU
		{1C5CFFAF-82AC-49BF-BDAA-E94DEEDBFA58}.Release|x64.Build.0 = Release|Any CPU
		{1C5CFFAF-82AC-49BF-BDAA-E94DEEDBFA58}.Release|x86.ActiveCfg = Release|Any CPU
		{1C5CFFAF-82AC-49BF-BDAA-E94DEEDBFA58}.Release|x86.Build.0 = Release|Any CPU
		{883E6339-8D39-4F65-9EF6-025F7BE883D5}.Debug|Any CPU.ActiveCfg = Debug|Any CPU
		{883E6339-8D39-4F65-9EF6-025F7BE883D5}.Debug|Any CPU.Build.0 = Debug|Any CPU
		{883E6339-8D39-4F65-9EF6-025F7BE883D5}.Debug|x64.ActiveCfg = Debug|Any CPU
		{883E6339-8D39-4F65-9EF6-025F7BE883D5}.Debug|x64.Build.0 = Debug|Any CPU
		{883E6339-8D39-4F65-9EF6-025F7BE883D5}.Debug|x86.ActiveCfg = Debug|Any CPU
		{883E6339-8D39-4F65-9EF6-025F7BE883D5}.Debug|x86.Build.0 = Debug|Any CPU
		{883E6339-8D39-4F65-9EF6-025F7BE883D5}.Release|Any CPU.ActiveCfg = Release|Any CPU
		{883E6339-8D39-4F65-9EF6-025F7BE883D5}.Release|Any CPU.Build.0 = Release|Any CPU
		{883E6339-8D39-4F65-9EF6-025F7BE883D5}.Release|x64.ActiveCfg = Release|Any CPU
		{883E6339-8D39-4F65-9EF6-025F7BE883D5}.Release|x64.Build.0 = Release|Any CPU
		{883E6339-8D39-4F65-9EF6-025F7BE883D5}.Release|x86.ActiveCfg = Release|Any CPU
		{883E6339-8D39-4F65-9EF6-025F7BE883D5}.Release|x86.Build.0 = Release|Any CPU
		{66651AD1-3D21-4C9C-B4A8-993FF6994F66}.Debug|Any CPU.ActiveCfg = Debug|Any CPU
		{66651AD1-3D21-4C9C-B4A8-993FF6994F66}.Debug|Any CPU.Build.0 = Debug|Any CPU
		{66651AD1-3D21-4C9C-B4A8-993FF6994F66}.Debug|x64.ActiveCfg = Debug|Any CPU
		{66651AD1-3D21-4C9C-B4A8-993FF6994F66}.Debug|x64.Build.0 = Debug|Any CPU
		{66651AD1-3D21-4C9C-B4A8-993FF6994F66}.Debug|x86.ActiveCfg = Debug|Any CPU
		{66651AD1-3D21-4C9C-B4A8-993FF6994F66}.Debug|x86.Build.0 = Debug|Any CPU
		{66651AD1-3D21-4C9C-B4A8-993FF6994F66}.Release|Any CPU.ActiveCfg = Release|Any CPU
		{66651AD1-3D21-4C9C-B4A8-993FF6994F66}.Release|Any CPU.Build.0 = Release|Any CPU
		{66651AD1-3D21-4C9C-B4A8-993FF6994F66}.Release|x64.ActiveCfg = Release|Any CPU
		{66651AD1-3D21-4C9C-B4A8-993FF6994F66}.Release|x64.Build.0 = Release|Any CPU
		{66651AD1-3D21-4C9C-B4A8-993FF6994F66}.Release|x86.ActiveCfg = Release|Any CPU
		{66651AD1-3D21-4C9C-B4A8-993FF6994F66}.Release|x86.Build.0 = Release|Any CPU
		{C3C95F82-02FB-4302-99C1-CA55684588AA}.Debug|Any CPU.ActiveCfg = Debug|Any CPU
		{C3C95F82-02FB-4302-99C1-CA55684588AA}.Debug|Any CPU.Build.0 = Debug|Any CPU
		{C3C95F82-02FB-4302-99C1-CA55684588AA}.Debug|x64.ActiveCfg = Debug|Any CPU
		{C3C95F82-02FB-4302-99C1-CA55684588AA}.Debug|x64.Build.0 = Debug|Any CPU
		{C3C95F82-02FB-4302-99C1-CA55684588AA}.Debug|x86.ActiveCfg = Debug|Any CPU
		{C3C95F82-02FB-4302-99C1-CA55684588AA}.Debug|x86.Build.0 = Debug|Any CPU
		{C3C95F82-02FB-4302-99C1-CA55684588AA}.Release|Any CPU.ActiveCfg = Release|Any CPU
		{C3C95F82-02FB-4302-99C1-CA55684588AA}.Release|Any CPU.Build.0 = Release|Any CPU
		{C3C95F82-02FB-4302-99C1-CA55684588AA}.Release|x64.ActiveCfg = Release|Any CPU
		{C3C95F82-02FB-4302-99C1-CA55684588AA}.Release|x64.Build.0 = Release|Any CPU
		{C3C95F82-02FB-4302-99C1-CA55684588AA}.Release|x86.ActiveCfg = Release|Any CPU
		{C3C95F82-02FB-4302-99C1-CA55684588AA}.Release|x86.Build.0 = Release|Any CPU
		{09643071-D1E0-49C0-AB4C-4B1D89F3874C}.Debug|Any CPU.ActiveCfg = Debug|Any CPU
		{09643071-D1E0-49C0-AB4C-4B1D89F3874C}.Debug|Any CPU.Build.0 = Debug|Any CPU
		{09643071-D1E0-49C0-AB4C-4B1D89F3874C}.Debug|x64.ActiveCfg = Debug|Any CPU
		{09643071-D1E0-49C0-AB4C-4B1D89F3874C}.Debug|x64.Build.0 = Debug|Any CPU
		{09643071-D1E0-49C0-AB4C-4B1D89F3874C}.Debug|x86.ActiveCfg = Debug|Any CPU
		{09643071-D1E0-49C0-AB4C-4B1D89F3874C}.Debug|x86.Build.0 = Debug|Any CPU
		{09643071-D1E0-49C0-AB4C-4B1D89F3874C}.Release|Any CPU.ActiveCfg = Release|Any CPU
		{09643071-D1E0-49C0-AB4C-4B1D89F3874C}.Release|Any CPU.Build.0 = Release|Any CPU
		{09643071-D1E0-49C0-AB4C-4B1D89F3874C}.Release|x64.ActiveCfg = Release|Any CPU
		{09643071-D1E0-49C0-AB4C-4B1D89F3874C}.Release|x64.Build.0 = Release|Any CPU
		{09643071-D1E0-49C0-AB4C-4B1D89F3874C}.Release|x86.ActiveCfg = Release|Any CPU
		{09643071-D1E0-49C0-AB4C-4B1D89F3874C}.Release|x86.Build.0 = Release|Any CPU
		{F7E5DD7B-010B-42BA-812B-30B7E708F0A4}.Debug|Any CPU.ActiveCfg = Debug|Any CPU
		{F7E5DD7B-010B-42BA-812B-30B7E708F0A4}.Debug|Any CPU.Build.0 = Debug|Any CPU
		{F7E5DD7B-010B-42BA-812B-30B7E708F0A4}.Debug|x64.ActiveCfg = Debug|Any CPU
		{F7E5DD7B-010B-42BA-812B-30B7E708F0A4}.Debug|x64.Build.0 = Debug|Any CPU
		{F7E5DD7B-010B-42BA-812B-30B7E708F0A4}.Debug|x86.ActiveCfg = Debug|Any CPU
		{F7E5DD7B-010B-42BA-812B-30B7E708F0A4}.Debug|x86.Build.0 = Debug|Any CPU
		{F7E5DD7B-010B-42BA-812B-30B7E708F0A4}.Release|Any CPU.ActiveCfg = Release|Any CPU
		{F7E5DD7B-010B-42BA-812B-30B7E708F0A4}.Release|Any CPU.Build.0 = Release|Any CPU
		{F7E5DD7B-010B-42BA-812B-30B7E708F0A4}.Release|x64.ActiveCfg = Release|Any CPU
		{F7E5DD7B-010B-42BA-812B-30B7E708F0A4}.Release|x64.Build.0 = Release|Any CPU
		{F7E5DD7B-010B-42BA-812B-30B7E708F0A4}.Release|x86.ActiveCfg = Release|Any CPU
		{F7E5DD7B-010B-42BA-812B-30B7E708F0A4}.Release|x86.Build.0 = Release|Any CPU
		{6C87A14E-FE48-4D98-B7E7-0D52483541F3}.Debug|Any CPU.ActiveCfg = Debug|Any CPU
		{6C87A14E-FE48-4D98-B7E7-0D52483541F3}.Debug|Any CPU.Build.0 = Debug|Any CPU
		{6C87A14E-FE48-4D98-B7E7-0D52483541F3}.Debug|x64.ActiveCfg = Debug|Any CPU
		{6C87A14E-FE48-4D98-B7E7-0D52483541F3}.Debug|x64.Build.0 = Debug|Any CPU
		{6C87A14E-FE48-4D98-B7E7-0D52483541F3}.Debug|x86.ActiveCfg = Debug|Any CPU
		{6C87A14E-FE48-4D98-B7E7-0D52483541F3}.Debug|x86.Build.0 = Debug|Any CPU
		{6C87A14E-FE48-4D98-B7E7-0D52483541F3}.Release|Any CPU.ActiveCfg = Release|Any CPU
		{6C87A14E-FE48-4D98-B7E7-0D52483541F3}.Release|Any CPU.Build.0 = Release|Any CPU
		{6C87A14E-FE48-4D98-B7E7-0D52483541F3}.Release|x64.ActiveCfg = Release|Any CPU
		{6C87A14E-FE48-4D98-B7E7-0D52483541F3}.Release|x64.Build.0 = Release|Any CPU
		{6C87A14E-FE48-4D98-B7E7-0D52483541F3}.Release|x86.ActiveCfg = Release|Any CPU
		{6C87A14E-FE48-4D98-B7E7-0D52483541F3}.Release|x86.Build.0 = Release|Any CPU
		{3CBCB344-EB71-4654-809E-5AD20817248B}.Debug|Any CPU.ActiveCfg = Debug|Any CPU
		{3CBCB344-EB71-4654-809E-5AD20817248B}.Debug|Any CPU.Build.0 = Debug|Any CPU
		{3CBCB344-EB71-4654-809E-5AD20817248B}.Debug|x64.ActiveCfg = Debug|Any CPU
		{3CBCB344-EB71-4654-809E-5AD20817248B}.Debug|x64.Build.0 = Debug|Any CPU
		{3CBCB344-EB71-4654-809E-5AD20817248B}.Debug|x86.ActiveCfg = Debug|Any CPU
		{3CBCB344-EB71-4654-809E-5AD20817248B}.Debug|x86.Build.0 = Debug|Any CPU
		{3CBCB344-EB71-4654-809E-5AD20817248B}.Release|Any CPU.ActiveCfg = Release|Any CPU
		{3CBCB344-EB71-4654-809E-5AD20817248B}.Release|Any CPU.Build.0 = Release|Any CPU
		{3CBCB344-EB71-4654-809E-5AD20817248B}.Release|x64.ActiveCfg = Release|Any CPU
		{3CBCB344-EB71-4654-809E-5AD20817248B}.Release|x64.Build.0 = Release|Any CPU
		{3CBCB344-EB71-4654-809E-5AD20817248B}.Release|x86.ActiveCfg = Release|Any CPU
		{3CBCB344-EB71-4654-809E-5AD20817248B}.Release|x86.Build.0 = Release|Any CPU
		{931B0A6B-A1C0-426A-A403-CB2E480C69FE}.Debug|Any CPU.ActiveCfg = Debug|Any CPU
		{931B0A6B-A1C0-426A-A403-CB2E480C69FE}.Debug|Any CPU.Build.0 = Debug|Any CPU
		{931B0A6B-A1C0-426A-A403-CB2E480C69FE}.Debug|x64.ActiveCfg = Debug|Any CPU
		{931B0A6B-A1C0-426A-A403-CB2E480C69FE}.Debug|x64.Build.0 = Debug|Any CPU
		{931B0A6B-A1C0-426A-A403-CB2E480C69FE}.Debug|x86.ActiveCfg = Debug|Any CPU
		{931B0A6B-A1C0-426A-A403-CB2E480C69FE}.Debug|x86.Build.0 = Debug|Any CPU
		{931B0A6B-A1C0-426A-A403-CB2E480C69FE}.Release|Any CPU.ActiveCfg = Release|Any CPU
		{931B0A6B-A1C0-426A-A403-CB2E480C69FE}.Release|Any CPU.Build.0 = Release|Any CPU
		{931B0A6B-A1C0-426A-A403-CB2E480C69FE}.Release|x64.ActiveCfg = Release|Any CPU
		{931B0A6B-A1C0-426A-A403-CB2E480C69FE}.Release|x64.Build.0 = Release|Any CPU
		{931B0A6B-A1C0-426A-A403-CB2E480C69FE}.Release|x86.ActiveCfg = Release|Any CPU
		{931B0A6B-A1C0-426A-A403-CB2E480C69FE}.Release|x86.Build.0 = Release|Any CPU
		{298B0B92-3310-44C2-8F7A-4DFE18B92476}.Debug|Any CPU.ActiveCfg = Debug|Any CPU
		{298B0B92-3310-44C2-8F7A-4DFE18B92476}.Debug|Any CPU.Build.0 = Debug|Any CPU
		{298B0B92-3310-44C2-8F7A-4DFE18B92476}.Debug|x64.ActiveCfg = Debug|Any CPU
		{298B0B92-3310-44C2-8F7A-4DFE18B92476}.Debug|x64.Build.0 = Debug|Any CPU
		{298B0B92-3310-44C2-8F7A-4DFE18B92476}.Debug|x86.ActiveCfg = Debug|Any CPU
		{298B0B92-3310-44C2-8F7A-4DFE18B92476}.Debug|x86.Build.0 = Debug|Any CPU
		{298B0B92-3310-44C2-8F7A-4DFE18B92476}.Release|Any CPU.ActiveCfg = Release|Any CPU
		{298B0B92-3310-44C2-8F7A-4DFE18B92476}.Release|Any CPU.Build.0 = Release|Any CPU
		{298B0B92-3310-44C2-8F7A-4DFE18B92476}.Release|x64.ActiveCfg = Release|Any CPU
		{298B0B92-3310-44C2-8F7A-4DFE18B92476}.Release|x64.Build.0 = Release|Any CPU
		{298B0B92-3310-44C2-8F7A-4DFE18B92476}.Release|x86.ActiveCfg = Release|Any CPU
		{298B0B92-3310-44C2-8F7A-4DFE18B92476}.Release|x86.Build.0 = Release|Any CPU
		{86981A4E-E301-40F5-B8ED-9DDB917F66FA}.Debug|Any CPU.ActiveCfg = Debug|Any CPU
		{86981A4E-E301-40F5-B8ED-9DDB917F66FA}.Debug|Any CPU.Build.0 = Debug|Any CPU
		{86981A4E-E301-40F5-B8ED-9DDB917F66FA}.Debug|x64.ActiveCfg = Debug|Any CPU
		{86981A4E-E301-40F5-B8ED-9DDB917F66FA}.Debug|x64.Build.0 = Debug|Any CPU
		{86981A4E-E301-40F5-B8ED-9DDB917F66FA}.Debug|x86.ActiveCfg = Debug|Any CPU
		{86981A4E-E301-40F5-B8ED-9DDB917F66FA}.Debug|x86.Build.0 = Debug|Any CPU
		{86981A4E-E301-40F5-B8ED-9DDB917F66FA}.Release|Any CPU.ActiveCfg = Release|Any CPU
		{86981A4E-E301-40F5-B8ED-9DDB917F66FA}.Release|Any CPU.Build.0 = Release|Any CPU
		{86981A4E-E301-40F5-B8ED-9DDB917F66FA}.Release|x64.ActiveCfg = Release|Any CPU
		{86981A4E-E301-40F5-B8ED-9DDB917F66FA}.Release|x64.Build.0 = Release|Any CPU
		{86981A4E-E301-40F5-B8ED-9DDB917F66FA}.Release|x86.ActiveCfg = Release|Any CPU
		{86981A4E-E301-40F5-B8ED-9DDB917F66FA}.Release|x86.Build.0 = Release|Any CPU
	EndGlobalSection
	GlobalSection(SolutionProperties) = preSolution
		HideSolutionNode = FALSE
	EndGlobalSection
	GlobalSection(NestedProjects) = preSolution
		{C13E73B6-616D-3195-CD22-1E55A7D1F969} = {827E0CD3-B72D-47B6-A68D-7590B98EB39B}
		{CBFB6752-A9A5-46AB-83A0-440AEFF13AC9} = {C13E73B6-616D-3195-CD22-1E55A7D1F969}
		{A451FE7C-BC83-C13E-8611-AC3C420FE233} = {0AB3BF05-4346-4AA6-1389-037BE0695223}
		{C1D93804-A05B-4A86-AFE6-87A7A81D1861} = {A451FE7C-BC83-C13E-8611-AC3C420FE233}
		{58370875-77A4-455F-82A2-0336423F3D79} = {C13E73B6-616D-3195-CD22-1E55A7D1F969}
		{553ABCBA-259B-4080-9DE6-58C288EC2FF0} = {A451FE7C-BC83-C13E-8611-AC3C420FE233}
		{A3D79C4F-7517-4F38-86C4-E8A9DD59CA4C} = {C13E73B6-616D-3195-CD22-1E55A7D1F969}
		{6DD18540-3F5A-44A8-9F96-EDDA1DAB49AE} = {A451FE7C-BC83-C13E-8611-AC3C420FE233}
		{4267BB4C-FA29-4195-B475-CDEE247817A9} = {C13E73B6-616D-3195-CD22-1E55A7D1F969}
		{1FB5431B-0AAE-41E6-A9BD-030518FEF9E7} = {A451FE7C-BC83-C13E-8611-AC3C420FE233}
		{51A299D5-23A6-47C6-81E7-8A0C888DC104} = {C13E73B6-616D-3195-CD22-1E55A7D1F969}
		{A9844960-BB1D-43F8-9F2F-C49EC04BA411} = {A451FE7C-BC83-C13E-8611-AC3C420FE233}
		{4DF80442-A1E5-CC28-AE7B-27B5F9BFE52B} = {827E0CD3-B72D-47B6-A68D-7590B98EB39B}
		{2D84D4C3-231F-423D-9102-C3DE87C9226E} = {4DF80442-A1E5-CC28-AE7B-27B5F9BFE52B}
		{39E56F4F-7716-44D3-9053-D6C3449F0137} = {4DF80442-A1E5-CC28-AE7B-27B5F9BFE52B}
		{D1D5A584-EC78-4399-BF15-9990E66F57E2} = {07C2787E-EAC7-C090-1BA3-A61EC2A24D84}
		{0BBE7088-7CBC-971A-0DFF-8D023E1EA1B7} = {0AB3BF05-4346-4AA6-1389-037BE0695223}
		{F6493800-937E-4620-9513-547E76D64851} = {0BBE7088-7CBC-971A-0DFF-8D023E1EA1B7}
		{158FDAD3-383B-4A7E-B70F-A0B9EDCD0B10} = {0BBE7088-7CBC-971A-0DFF-8D023E1EA1B7}
		{FF054AA3-853D-41FF-8912-75A193DEE64D} = {CE609670-85B9-0D16-FB54-ED063D5D8A6D}
		{EC447DCF-ABFA-6E24-52A5-D7FD48A5C558} = {827E0CD3-B72D-47B6-A68D-7590B98EB39B}
		{1E1EF545-4C18-AEE2-B997-7EF431518D3F} = {EC447DCF-ABFA-6E24-52A5-D7FD48A5C558}
		{EC311F25-62D2-44B2-A12F-26D2F7AE7601} = {1E1EF545-4C18-AEE2-B997-7EF431518D3F}
		{C8D144B1-37A7-40FC-96CB-24747037B6B9} = {1E1EF545-4C18-AEE2-B997-7EF431518D3F}
		{E8B2F1AF-1FF2-40ED-B120-903561960B7B} = {1E1EF545-4C18-AEE2-B997-7EF431518D3F}
		{351B2A1B-8ADF-959B-EF38-B51025ABE796} = {EC447DCF-ABFA-6E24-52A5-D7FD48A5C558}
		{4BCC4100-4E25-448A-BEB4-B1D30B8BC1AB} = {351B2A1B-8ADF-959B-EF38-B51025ABE796}
		{D7DBBF86-15E4-4C63-8C23-97E848B5C0DE} = {351B2A1B-8ADF-959B-EF38-B51025ABE796}
		{C06AF221-47C6-49FE-BD06-EC2E145A6658} = {351B2A1B-8ADF-959B-EF38-B51025ABE796}
		{A4393D89-0E92-C94D-F083-FE25A855D0C0} = {EC447DCF-ABFA-6E24-52A5-D7FD48A5C558}
		{87367FE7-D9D8-4B59-A5F9-832D10807CA7} = {A4393D89-0E92-C94D-F083-FE25A855D0C0}
		{9E83DB19-9662-4DF3-8DA4-FB6EFA6E42C7} = {A4393D89-0E92-C94D-F083-FE25A855D0C0}
		{3BBE5AE1-BA98-4E8B-BEF5-49C3F4934906} = {A4393D89-0E92-C94D-F083-FE25A855D0C0}
		{D2EA3A97-0965-E1A1-76A2-2ED11DC568D1} = {EC447DCF-ABFA-6E24-52A5-D7FD48A5C558}
		{E26C1656-882D-4CE2-9ABA-3DD1958E7A27} = {D2EA3A97-0965-E1A1-76A2-2ED11DC568D1}
		{06AB0451-859D-4C0C-A9DE-3576A79BD3B2} = {D2EA3A97-0965-E1A1-76A2-2ED11DC568D1}
		{8B112466-50B8-451E-A230-29F055D0B0A6} = {D2EA3A97-0965-E1A1-76A2-2ED11DC568D1}
		{10F243C0-5589-5C7D-3314-BD3AC559A253} = {EC447DCF-ABFA-6E24-52A5-D7FD48A5C558}
		{3971B32C-8731-449E-8E41-66D57DE6E2EB} = {10F243C0-5589-5C7D-3314-BD3AC559A253}
		{97EDF1F5-D034-4F6A-B8F4-CBB15A2FB441} = {10F243C0-5589-5C7D-3314-BD3AC559A253}
		{05F9A5CB-730B-46ED-B88B-F6E700EFCB94} = {10F243C0-5589-5C7D-3314-BD3AC559A253}
		{B0E0D244-495B-4B67-BCD0-C2F0834D2B26} = {10F243C0-5589-5C7D-3314-BD3AC559A253}
		{B2ED0981-7CD3-FD0C-DFF6-F78DF99FCFA5} = {EC447DCF-ABFA-6E24-52A5-D7FD48A5C558}
		{8E9D45A7-E091-4A05-818F-99961D6786D1} = {B2ED0981-7CD3-FD0C-DFF6-F78DF99FCFA5}
		{3D6777E9-17EE-4698-B8C1-1EFCEB3EB75F} = {B2ED0981-7CD3-FD0C-DFF6-F78DF99FCFA5}
		{D7DC9B74-6BC4-2470-2038-1E57C2DCB73B} = {0AB3BF05-4346-4AA6-1389-037BE0695223}
		{58ACDCC8-2AEE-9D01-9B82-A1B8CDF8BF55} = {D7DC9B74-6BC4-2470-2038-1E57C2DCB73B}
		{B47BBEAF-F27C-4D2C-B717-910EEBCA0CF8} = {58ACDCC8-2AEE-9D01-9B82-A1B8CDF8BF55}
		{CF8A1F3C-4CEF-3CF5-90A9-01932F35AAB1} = {D7DC9B74-6BC4-2470-2038-1E57C2DCB73B}
		{985043C8-367D-4852-9F84-6808A03DAA03} = {CF8A1F3C-4CEF-3CF5-90A9-01932F35AAB1}
		{E2B2F6CC-F96C-98FF-DF12-3F0463254888} = {D7DC9B74-6BC4-2470-2038-1E57C2DCB73B}
		{042454A9-477F-40C4-90CF-00C65A73BCC5} = {E2B2F6CC-F96C-98FF-DF12-3F0463254888}
		{7015B015-CE64-57C8-BD07-5E20D4F84F3A} = {D7DC9B74-6BC4-2470-2038-1E57C2DCB73B}
		{E987DAAA-171F-41C3-88DB-9CCA88219DDF} = {7015B015-CE64-57C8-BD07-5E20D4F84F3A}
		{4C902F24-2235-A00A-809F-79E65471754C} = {D7DC9B74-6BC4-2470-2038-1E57C2DCB73B}
		{83E4409C-252B-4FA0-9930-598C7B0E865A} = {4C902F24-2235-A00A-809F-79E65471754C}
		{91241792-3A5D-8A8D-AFB5-D006089CC20A} = {D7DC9B74-6BC4-2470-2038-1E57C2DCB73B}
		{F30E8DBF-231D-4134-A370-18748AA57556} = {91241792-3A5D-8A8D-AFB5-D006089CC20A}
		{91723A87-DD74-43FA-BB61-1E0484A170C8} = {4DF80442-A1E5-CC28-AE7B-27B5F9BFE52B}
		{6139A728-5495-4700-B174-B09F0B476A4E} = {10F243C0-5589-5C7D-3314-BD3AC559A253}
		{9A4D7184-A8BE-4FA1-923A-FFE2E53F7633} = {1E1EF545-4C18-AEE2-B997-7EF431518D3F}
		{13CA1105-1B14-442A-99E9-0DAEC6351FA3} = {351B2A1B-8ADF-959B-EF38-B51025ABE796}
		{FA3C1F68-F8F2-486C-A8D6-A90D178F9897} = {A4393D89-0E92-C94D-F083-FE25A855D0C0}
		{19E60DEB-D70C-4DBF-AB59-72383345BB1B} = {D2EA3A97-0965-E1A1-76A2-2ED11DC568D1}
		{09131F6F-6D7E-4FDA-AF1A-882FCEC52133} = {B2ED0981-7CD3-FD0C-DFF6-F78DF99FCFA5}
		{EF55B9B2-CF17-4E25-98E4-7A69519320EB} = {10F243C0-5589-5C7D-3314-BD3AC559A253}
		{A336D324-BE25-4258-960C-678CAAFD1BE8} = {1E1EF545-4C18-AEE2-B997-7EF431518D3F}
		{47CBC7CB-5CF8-42BA-8B23-6EA9E4B53327} = {351B2A1B-8ADF-959B-EF38-B51025ABE796}
		{EC33D826-FFEC-4445-A6CB-2751F77BF660} = {A4393D89-0E92-C94D-F083-FE25A855D0C0}
		{36D53BDB-41E7-44A0-A0F1-B08834582CF7} = {D2EA3A97-0965-E1A1-76A2-2ED11DC568D1}
		{FC5336F2-B2D0-4CC1-8E0F-6914B2AAAFD0} = {B2ED0981-7CD3-FD0C-DFF6-F78DF99FCFA5}
		{7D332C09-6C29-D401-3D21-27BC44A9423B} = {EC447DCF-ABFA-6E24-52A5-D7FD48A5C558}
		{E8E84A88-A5CC-4D8E-A8BC-B86C5840C881} = {7D332C09-6C29-D401-3D21-27BC44A9423B}
		{CE7E1694-B439-4E63-8754-595713A99CC8} = {7D332C09-6C29-D401-3D21-27BC44A9423B}
		{5636F7BF-D36E-4193-B1D6-D9BF96B164F8} = {7D332C09-6C29-D401-3D21-27BC44A9423B}
		{3F3EB169-BF2C-4E9F-B104-AA19930BF168} = {7D332C09-6C29-D401-3D21-27BC44A9423B}
		{EA339BD1-9125-463E-9D42-F733BB4DCC23} = {7D332C09-6C29-D401-3D21-27BC44A9423B}
		{A7BD1B43-3E27-8E24-1F72-C560E0F26199} = {D7DC9B74-6BC4-2470-2038-1E57C2DCB73B}
		{B19182A8-0981-466F-86DD-D2D0D9A141AD} = {A7BD1B43-3E27-8E24-1F72-C560E0F26199}
		{B0F12618-BB94-406E-B564-A33C21524D56} = {0BBE7088-7CBC-971A-0DFF-8D023E1EA1B7}
		{DE9DAF8A-E684-0FD3-FFDC-40D3E3158533} = {EC447DCF-ABFA-6E24-52A5-D7FD48A5C558}
		{1C5CFFAF-82AC-49BF-BDAA-E94DEEDBFA58} = {DE9DAF8A-E684-0FD3-FFDC-40D3E3158533}
		{883E6339-8D39-4F65-9EF6-025F7BE883D5} = {DE9DAF8A-E684-0FD3-FFDC-40D3E3158533}
		{66651AD1-3D21-4C9C-B4A8-993FF6994F66} = {DE9DAF8A-E684-0FD3-FFDC-40D3E3158533}
		{5CAD844B-E449-970A-E9D0-133982AEC280} = {D7DC9B74-6BC4-2470-2038-1E57C2DCB73B}
		{C3C95F82-02FB-4302-99C1-CA55684588AA} = {5CAD844B-E449-970A-E9D0-133982AEC280}
		{09643071-D1E0-49C0-AB4C-4B1D89F3874C} = {DE9DAF8A-E684-0FD3-FFDC-40D3E3158533}
		{F7E5DD7B-010B-42BA-812B-30B7E708F0A4} = {DE9DAF8A-E684-0FD3-FFDC-40D3E3158533}
		{AD543401-B4A7-AC95-DA94-6718F3C81BEB} = {EC447DCF-ABFA-6E24-52A5-D7FD48A5C558}
		{6C87A14E-FE48-4D98-B7E7-0D52483541F3} = {AD543401-B4A7-AC95-DA94-6718F3C81BEB}
		{3CBCB344-EB71-4654-809E-5AD20817248B} = {AD543401-B4A7-AC95-DA94-6718F3C81BEB}
		{931B0A6B-A1C0-426A-A403-CB2E480C69FE} = {AD543401-B4A7-AC95-DA94-6718F3C81BEB}
		{298B0B92-3310-44C2-8F7A-4DFE18B92476} = {AD543401-B4A7-AC95-DA94-6718F3C81BEB}
		{86981A4E-E301-40F5-B8ED-9DDB917F66FA} = {AD543401-B4A7-AC95-DA94-6718F3C81BEB}
	EndGlobalSection
	GlobalSection(ExtensibilityGlobals) = postSolution
		SolutionGuid = {DFF94D6C-02B3-46BC-9488-BE53A9C29BAD}
	EndGlobalSection
EndGlobal
